// !$*UTF8*$!
{
	archiveVersion = 1;
	classes = {
	};
	objectVersion = 50;
	objects = {

/* Begin PBXBuildFile section */
		ECCCD11923B579BD0047F1F6 /* AppDelegate.swift in Sources */ = {isa = PBXBuildFile; fileRef = ECCCD11823B579BD0047F1F6 /* AppDelegate.swift */; };
		ECCCD12223B579BF0047F1F6 /* Base.xcassets in Resources */ = {isa = PBXBuildFile; fileRef = ECCCD12123B579BF0047F1F6 /* Base.xcassets */; };
		ECCCD12523B579BF0047F1F6 /* LaunchScreen.storyboard in Resources */ = {isa = PBXBuildFile; fileRef = ECCCD12323B579BF0047F1F6 /* LaunchScreen.storyboard */; };
		ECCCD13023B579BF0047F1F6 /* ItunesMediaTests.swift in Sources */ = {isa = PBXBuildFile; fileRef = ECCCD12F23B579BF0047F1F6 /* ItunesMediaTests.swift */; };
		ECCCD14B23B57B8E0047F1F6 /* K.swift in Sources */ = {isa = PBXBuildFile; fileRef = ECCCD14A23B57B8E0047F1F6 /* K.swift */; };
		ECCCD15523B57C9D0047F1F6 /* Colors.xcassets in Resources */ = {isa = PBXBuildFile; fileRef = ECCCD15423B57C9D0047F1F6 /* Colors.xcassets */; };
		ECCCD15723B57CAF0047F1F6 /* Icons.xcassets in Resources */ = {isa = PBXBuildFile; fileRef = ECCCD15623B57CAF0047F1F6 /* Icons.xcassets */; };
		ECCCD15B23B57D530047F1F6 /* Localizable.strings in Resources */ = {isa = PBXBuildFile; fileRef = ECCCD15D23B57D530047F1F6 /* Localizable.strings */; };
		ECCCD16123B57FB80047F1F6 /* Swinject.framework in Frameworks */ = {isa = PBXBuildFile; fileRef = ECCCD16023B57FB80047F1F6 /* Swinject.framework */; };
		ECCCD16223B57FB80047F1F6 /* Swinject.framework in Embed Frameworks */ = {isa = PBXBuildFile; fileRef = ECCCD16023B57FB80047F1F6 /* Swinject.framework */; settings = {ATTRIBUTES = (CodeSignOnCopy, RemoveHeadersOnCopy, ); }; };
		ECCCD16923B584C50047F1F6 /* Injector.swift in Sources */ = {isa = PBXBuildFile; fileRef = ECCCD16823B584C50047F1F6 /* Injector.swift */; };
		ECCCD16B23B585070047F1F6 /* UseCaseAssembly.swift in Sources */ = {isa = PBXBuildFile; fileRef = ECCCD16A23B585070047F1F6 /* UseCaseAssembly.swift */; };
		ECCCD16D23B585190047F1F6 /* RepositoryAssembly.swift in Sources */ = {isa = PBXBuildFile; fileRef = ECCCD16C23B585190047F1F6 /* RepositoryAssembly.swift */; };
		ECCCD16F23B585570047F1F6 /* ViewModelAssembly.swift in Sources */ = {isa = PBXBuildFile; fileRef = ECCCD16E23B585570047F1F6 /* ViewModelAssembly.swift */; };
		ECCCD17123B5856B0047F1F6 /* ViewControllerAssembly.swift in Sources */ = {isa = PBXBuildFile; fileRef = ECCCD17023B5856B0047F1F6 /* ViewControllerAssembly.swift */; };
		ECCCD17323B586090047F1F6 /* CoordinatorAssembly.swift in Sources */ = {isa = PBXBuildFile; fileRef = ECCCD17223B586090047F1F6 /* CoordinatorAssembly.swift */; };
		ECCCD17523B587800047F1F6 /* TvShowModel.swift in Sources */ = {isa = PBXBuildFile; fileRef = ECCCD17423B587800047F1F6 /* TvShowModel.swift */; };
		ECCCD17723B587A40047F1F6 /* Media.swift in Sources */ = {isa = PBXBuildFile; fileRef = ECCCD17623B587A40047F1F6 /* Media.swift */; };
		ECCCD17923B5885E0047F1F6 /* SongModel.swift in Sources */ = {isa = PBXBuildFile; fileRef = ECCCD17823B5885E0047F1F6 /* SongModel.swift */; };
		ECCCD17B23B588B40047F1F6 /* MovieModel.swift in Sources */ = {isa = PBXBuildFile; fileRef = ECCCD17A23B588B40047F1F6 /* MovieModel.swift */; };
		ECCCD17D23B589EC0047F1F6 /* PodcastModel.swift in Sources */ = {isa = PBXBuildFile; fileRef = ECCCD17C23B589EC0047F1F6 /* PodcastModel.swift */; };
		ECCCD17F23B58A9B0047F1F6 /* EbookModel.swift in Sources */ = {isa = PBXBuildFile; fileRef = ECCCD17E23B58A9B0047F1F6 /* EbookModel.swift */; };
		ECCCD18323B594AF0047F1F6 /* MediaType.swift in Sources */ = {isa = PBXBuildFile; fileRef = ECCCD18223B594AF0047F1F6 /* MediaType.swift */; };
		ECCCD18523B59C930047F1F6 /* MediaProvider.swift in Sources */ = {isa = PBXBuildFile; fileRef = ECCCD18423B59C930047F1F6 /* MediaProvider.swift */; };
		ECCCD18723B59F5E0047F1F6 /* ResponseMediaModel.swift in Sources */ = {isa = PBXBuildFile; fileRef = ECCCD18623B59F5E0047F1F6 /* ResponseMediaModel.swift */; };
		ECCCD18923B5A18F0047F1F6 /* SearchRequestModel.swift in Sources */ = {isa = PBXBuildFile; fileRef = ECCCD18823B5A18F0047F1F6 /* SearchRequestModel.swift */; };
		ECCCD18B23B5A2FC0047F1F6 /* Codable+asDictionary.swift in Sources */ = {isa = PBXBuildFile; fileRef = ECCCD18A23B5A2FC0047F1F6 /* Codable+asDictionary.swift */; };
		ECCCD18E23B5A4880047F1F6 /* R.swift in Sources */ = {isa = PBXBuildFile; fileRef = ECCCD18C23B5A4880047F1F6 /* R.swift */; };
		ECCCD18F23B5A4880047F1F6 /* L10n.swift in Sources */ = {isa = PBXBuildFile; fileRef = ECCCD18D23B5A4880047F1F6 /* L10n.swift */; };
		ECCCD19123B5A55E0047F1F6 /* Alamofire.framework in Frameworks */ = {isa = PBXBuildFile; fileRef = ECCCD19023B5A55E0047F1F6 /* Alamofire.framework */; };
		ECCCD19223B5A55E0047F1F6 /* Alamofire.framework in Embed Frameworks */ = {isa = PBXBuildFile; fileRef = ECCCD19023B5A55E0047F1F6 /* Alamofire.framework */; settings = {ATTRIBUTES = (CodeSignOnCopy, RemoveHeadersOnCopy, ); }; };
		ECCCD19423B5A5620047F1F6 /* Moya.framework in Frameworks */ = {isa = PBXBuildFile; fileRef = ECCCD19323B5A5620047F1F6 /* Moya.framework */; };
		ECCCD19523B5A5620047F1F6 /* Moya.framework in Embed Frameworks */ = {isa = PBXBuildFile; fileRef = ECCCD19323B5A5620047F1F6 /* Moya.framework */; settings = {ATTRIBUTES = (CodeSignOnCopy, RemoveHeadersOnCopy, ); }; };
		ECCCD19723B5A5660047F1F6 /* Nuke.framework in Frameworks */ = {isa = PBXBuildFile; fileRef = ECCCD19623B5A5660047F1F6 /* Nuke.framework */; };
		ECCCD19823B5A5660047F1F6 /* Nuke.framework in Embed Frameworks */ = {isa = PBXBuildFile; fileRef = ECCCD19623B5A5660047F1F6 /* Nuke.framework */; settings = {ATTRIBUTES = (CodeSignOnCopy, RemoveHeadersOnCopy, ); }; };
		ECCCD19A23B5A56A0047F1F6 /* Result.framework in Frameworks */ = {isa = PBXBuildFile; fileRef = ECCCD19923B5A56A0047F1F6 /* Result.framework */; };
		ECCCD19B23B5A56A0047F1F6 /* Result.framework in Embed Frameworks */ = {isa = PBXBuildFile; fileRef = ECCCD19923B5A56A0047F1F6 /* Result.framework */; settings = {ATTRIBUTES = (CodeSignOnCopy, RemoveHeadersOnCopy, ); }; };
		ECCCD19D23B5A5710047F1F6 /* RxCocoa.framework in Frameworks */ = {isa = PBXBuildFile; fileRef = ECCCD19C23B5A5710047F1F6 /* RxCocoa.framework */; };
		ECCCD19E23B5A5710047F1F6 /* RxCocoa.framework in Embed Frameworks */ = {isa = PBXBuildFile; fileRef = ECCCD19C23B5A5710047F1F6 /* RxCocoa.framework */; settings = {ATTRIBUTES = (CodeSignOnCopy, RemoveHeadersOnCopy, ); }; };
		ECCCD1A323B5A58D0047F1F6 /* RxMoya.framework in Frameworks */ = {isa = PBXBuildFile; fileRef = ECCCD1A223B5A58D0047F1F6 /* RxMoya.framework */; };
		ECCCD1A423B5A58D0047F1F6 /* RxMoya.framework in Embed Frameworks */ = {isa = PBXBuildFile; fileRef = ECCCD1A223B5A58D0047F1F6 /* RxMoya.framework */; settings = {ATTRIBUTES = (CodeSignOnCopy, RemoveHeadersOnCopy, ); }; };
		ECCCD1A623B5A5920047F1F6 /* RxSwift.framework in Frameworks */ = {isa = PBXBuildFile; fileRef = ECCCD1A523B5A5920047F1F6 /* RxSwift.framework */; };
		ECCCD1A723B5A5920047F1F6 /* RxSwift.framework in Embed Frameworks */ = {isa = PBXBuildFile; fileRef = ECCCD1A523B5A5920047F1F6 /* RxSwift.framework */; settings = {ATTRIBUTES = (CodeSignOnCopy, RemoveHeadersOnCopy, ); }; };
		ECCCD1A823B5A5B80047F1F6 /* RxRelay.framework in Frameworks */ = {isa = PBXBuildFile; fileRef = ECCCD19F23B5A5770047F1F6 /* RxRelay.framework */; };
		ECCCD1A923B5A5B80047F1F6 /* RxRelay.framework in Embed Frameworks */ = {isa = PBXBuildFile; fileRef = ECCCD19F23B5A5770047F1F6 /* RxRelay.framework */; settings = {ATTRIBUTES = (CodeSignOnCopy, RemoveHeadersOnCopy, ); }; };
		ECCCD1AB23B5A6D80047F1F6 /* Coordinator.swift in Sources */ = {isa = PBXBuildFile; fileRef = ECCCD1AA23B5A6D80047F1F6 /* Coordinator.swift */; };
		ECCCD1AD23B5A6F70047F1F6 /* ApplicationCoordinator.swift in Sources */ = {isa = PBXBuildFile; fileRef = ECCCD1AC23B5A6F70047F1F6 /* ApplicationCoordinator.swift */; };
		ECCCD1AF23B5A7920047F1F6 /* MediaFeedCoordinator.swift in Sources */ = {isa = PBXBuildFile; fileRef = ECCCD1AE23B5A7920047F1F6 /* MediaFeedCoordinator.swift */; };
		ECCCD1B223B5A7C10047F1F6 /* MediaFeedViewController.swift in Sources */ = {isa = PBXBuildFile; fileRef = ECCCD1B123B5A7C10047F1F6 /* MediaFeedViewController.swift */; };
/* End PBXBuildFile section */

/* Begin PBXContainerItemProxy section */
		ECCCD12C23B579BF0047F1F6 /* PBXContainerItemProxy */ = {
			isa = PBXContainerItemProxy;
			containerPortal = ECCCD10D23B579BD0047F1F6 /* Project object */;
			proxyType = 1;
			remoteGlobalIDString = ECCCD11423B579BD0047F1F6;
			remoteInfo = ItunesMedia;
		};
/* End PBXContainerItemProxy section */

/* Begin PBXCopyFilesBuildPhase section */
		ECCCD16323B57FB80047F1F6 /* Embed Frameworks */ = {
			isa = PBXCopyFilesBuildPhase;
			buildActionMask = 2147483647;
			dstPath = "";
			dstSubfolderSpec = 10;
			files = (
				ECCCD19E23B5A5710047F1F6 /* RxCocoa.framework in Embed Frameworks */,
				ECCCD16223B57FB80047F1F6 /* Swinject.framework in Embed Frameworks */,
				ECCCD1A923B5A5B80047F1F6 /* RxRelay.framework in Embed Frameworks */,
				ECCCD19823B5A5660047F1F6 /* Nuke.framework in Embed Frameworks */,
				ECCCD19B23B5A56A0047F1F6 /* Result.framework in Embed Frameworks */,
				ECCCD1A723B5A5920047F1F6 /* RxSwift.framework in Embed Frameworks */,
				ECCCD19523B5A5620047F1F6 /* Moya.framework in Embed Frameworks */,
				ECCCD1A423B5A58D0047F1F6 /* RxMoya.framework in Embed Frameworks */,
				ECCCD19223B5A55E0047F1F6 /* Alamofire.framework in Embed Frameworks */,
			);
			name = "Embed Frameworks";
			runOnlyForDeploymentPostprocessing = 0;
		};
/* End PBXCopyFilesBuildPhase section */

/* Begin PBXFileReference section */
		ECCCD11523B579BD0047F1F6 /* Itunes Media.app */ = {isa = PBXFileReference; explicitFileType = wrapper.application; includeInIndex = 0; path = "Itunes Media.app"; sourceTree = BUILT_PRODUCTS_DIR; };
		ECCCD11823B579BD0047F1F6 /* AppDelegate.swift */ = {isa = PBXFileReference; lastKnownFileType = sourcecode.swift; path = AppDelegate.swift; sourceTree = "<group>"; };
		ECCCD12123B579BF0047F1F6 /* Base.xcassets */ = {isa = PBXFileReference; lastKnownFileType = folder.assetcatalog; path = Base.xcassets; sourceTree = "<group>"; };
		ECCCD12423B579BF0047F1F6 /* Base */ = {isa = PBXFileReference; lastKnownFileType = file.storyboard; name = Base; path = Base.lproj/LaunchScreen.storyboard; sourceTree = "<group>"; };
		ECCCD12623B579BF0047F1F6 /* Info.plist */ = {isa = PBXFileReference; lastKnownFileType = text.plist.xml; path = Info.plist; sourceTree = "<group>"; };
		ECCCD12B23B579BF0047F1F6 /* ItunesMediaTests.xctest */ = {isa = PBXFileReference; explicitFileType = wrapper.cfbundle; includeInIndex = 0; path = ItunesMediaTests.xctest; sourceTree = BUILT_PRODUCTS_DIR; };
		ECCCD12F23B579BF0047F1F6 /* ItunesMediaTests.swift */ = {isa = PBXFileReference; lastKnownFileType = sourcecode.swift; path = ItunesMediaTests.swift; sourceTree = "<group>"; };
		ECCCD13123B579BF0047F1F6 /* Info.plist */ = {isa = PBXFileReference; lastKnownFileType = text.plist.xml; path = Info.plist; sourceTree = "<group>"; };
		ECCCD14A23B57B8E0047F1F6 /* K.swift */ = {isa = PBXFileReference; lastKnownFileType = sourcecode.swift; path = K.swift; sourceTree = "<group>"; };
		ECCCD15423B57C9D0047F1F6 /* Colors.xcassets */ = {isa = PBXFileReference; lastKnownFileType = folder.assetcatalog; path = Colors.xcassets; sourceTree = "<group>"; };
		ECCCD15623B57CAF0047F1F6 /* Icons.xcassets */ = {isa = PBXFileReference; lastKnownFileType = folder.assetcatalog; path = Icons.xcassets; sourceTree = "<group>"; };
		ECCCD15A23B57D470047F1F6 /* es */ = {isa = PBXFileReference; lastKnownFileType = text.plist.strings; name = es; path = es.lproj/LaunchScreen.strings; sourceTree = "<group>"; };
		ECCCD15C23B57D530047F1F6 /* en */ = {isa = PBXFileReference; lastKnownFileType = text.plist.strings; name = en; path = en.lproj/Localizable.strings; sourceTree = "<group>"; };
		ECCCD15E23B57D6A0047F1F6 /* es */ = {isa = PBXFileReference; lastKnownFileType = text.plist.strings; name = es; path = es.lproj/Localizable.strings; sourceTree = "<group>"; };
		ECCCD16023B57FB80047F1F6 /* Swinject.framework */ = {isa = PBXFileReference; lastKnownFileType = wrapper.framework; name = Swinject.framework; path = Carthage/Build/iOS/Swinject.framework; sourceTree = "<group>"; };
		ECCCD16823B584C50047F1F6 /* Injector.swift */ = {isa = PBXFileReference; lastKnownFileType = sourcecode.swift; path = Injector.swift; sourceTree = "<group>"; };
		ECCCD16A23B585070047F1F6 /* UseCaseAssembly.swift */ = {isa = PBXFileReference; lastKnownFileType = sourcecode.swift; path = UseCaseAssembly.swift; sourceTree = "<group>"; };
		ECCCD16C23B585190047F1F6 /* RepositoryAssembly.swift */ = {isa = PBXFileReference; lastKnownFileType = sourcecode.swift; path = RepositoryAssembly.swift; sourceTree = "<group>"; };
		ECCCD16E23B585570047F1F6 /* ViewModelAssembly.swift */ = {isa = PBXFileReference; lastKnownFileType = sourcecode.swift; path = ViewModelAssembly.swift; sourceTree = "<group>"; };
		ECCCD17023B5856B0047F1F6 /* ViewControllerAssembly.swift */ = {isa = PBXFileReference; lastKnownFileType = sourcecode.swift; path = ViewControllerAssembly.swift; sourceTree = "<group>"; };
		ECCCD17223B586090047F1F6 /* CoordinatorAssembly.swift */ = {isa = PBXFileReference; lastKnownFileType = sourcecode.swift; path = CoordinatorAssembly.swift; sourceTree = "<group>"; };
		ECCCD17423B587800047F1F6 /* TvShowModel.swift */ = {isa = PBXFileReference; lastKnownFileType = sourcecode.swift; path = TvShowModel.swift; sourceTree = "<group>"; };
		ECCCD17623B587A40047F1F6 /* Media.swift */ = {isa = PBXFileReference; lastKnownFileType = sourcecode.swift; path = Media.swift; sourceTree = "<group>"; };
		ECCCD17823B5885E0047F1F6 /* SongModel.swift */ = {isa = PBXFileReference; lastKnownFileType = sourcecode.swift; path = SongModel.swift; sourceTree = "<group>"; };
		ECCCD17A23B588B40047F1F6 /* MovieModel.swift */ = {isa = PBXFileReference; lastKnownFileType = sourcecode.swift; path = MovieModel.swift; sourceTree = "<group>"; };
		ECCCD17C23B589EC0047F1F6 /* PodcastModel.swift */ = {isa = PBXFileReference; lastKnownFileType = sourcecode.swift; path = PodcastModel.swift; sourceTree = "<group>"; };
		ECCCD17E23B58A9B0047F1F6 /* EbookModel.swift */ = {isa = PBXFileReference; lastKnownFileType = sourcecode.swift; path = EbookModel.swift; sourceTree = "<group>"; };
		ECCCD18223B594AF0047F1F6 /* MediaType.swift */ = {isa = PBXFileReference; lastKnownFileType = sourcecode.swift; path = MediaType.swift; sourceTree = "<group>"; };
		ECCCD18423B59C930047F1F6 /* MediaProvider.swift */ = {isa = PBXFileReference; lastKnownFileType = sourcecode.swift; path = MediaProvider.swift; sourceTree = "<group>"; };
		ECCCD18623B59F5E0047F1F6 /* ResponseMediaModel.swift */ = {isa = PBXFileReference; lastKnownFileType = sourcecode.swift; path = ResponseMediaModel.swift; sourceTree = "<group>"; };
		ECCCD18823B5A18F0047F1F6 /* SearchRequestModel.swift */ = {isa = PBXFileReference; lastKnownFileType = sourcecode.swift; path = SearchRequestModel.swift; sourceTree = "<group>"; };
		ECCCD18A23B5A2FC0047F1F6 /* Codable+asDictionary.swift */ = {isa = PBXFileReference; lastKnownFileType = sourcecode.swift; path = "Codable+asDictionary.swift"; sourceTree = "<group>"; };
		ECCCD18C23B5A4880047F1F6 /* R.swift */ = {isa = PBXFileReference; fileEncoding = 4; lastKnownFileType = sourcecode.swift; path = R.swift; sourceTree = "<group>"; };
		ECCCD18D23B5A4880047F1F6 /* L10n.swift */ = {isa = PBXFileReference; fileEncoding = 4; lastKnownFileType = sourcecode.swift; path = L10n.swift; sourceTree = "<group>"; };
		ECCCD19023B5A55E0047F1F6 /* Alamofire.framework */ = {isa = PBXFileReference; lastKnownFileType = wrapper.framework; name = Alamofire.framework; path = Carthage/Build/iOS/Alamofire.framework; sourceTree = "<group>"; };
		ECCCD19323B5A5620047F1F6 /* Moya.framework */ = {isa = PBXFileReference; lastKnownFileType = wrapper.framework; name = Moya.framework; path = Carthage/Build/iOS/Moya.framework; sourceTree = "<group>"; };
		ECCCD19623B5A5660047F1F6 /* Nuke.framework */ = {isa = PBXFileReference; lastKnownFileType = wrapper.framework; name = Nuke.framework; path = Carthage/Build/iOS/Nuke.framework; sourceTree = "<group>"; };
		ECCCD19923B5A56A0047F1F6 /* Result.framework */ = {isa = PBXFileReference; lastKnownFileType = wrapper.framework; name = Result.framework; path = Carthage/Build/iOS/Result.framework; sourceTree = "<group>"; };
		ECCCD19C23B5A5710047F1F6 /* RxCocoa.framework */ = {isa = PBXFileReference; lastKnownFileType = wrapper.framework; name = RxCocoa.framework; path = Carthage/Build/iOS/RxCocoa.framework; sourceTree = "<group>"; };
		ECCCD19F23B5A5770047F1F6 /* RxRelay.framework */ = {isa = PBXFileReference; lastKnownFileType = wrapper.framework; name = RxRelay.framework; path = Carthage/Build/iOS/RxRelay.framework; sourceTree = "<group>"; };
		ECCCD1A223B5A58D0047F1F6 /* RxMoya.framework */ = {isa = PBXFileReference; lastKnownFileType = wrapper.framework; name = RxMoya.framework; path = Carthage/Build/iOS/RxMoya.framework; sourceTree = "<group>"; };
		ECCCD1A523B5A5920047F1F6 /* RxSwift.framework */ = {isa = PBXFileReference; lastKnownFileType = wrapper.framework; name = RxSwift.framework; path = Carthage/Build/iOS/RxSwift.framework; sourceTree = "<group>"; };
		ECCCD1AA23B5A6D80047F1F6 /* Coordinator.swift */ = {isa = PBXFileReference; lastKnownFileType = sourcecode.swift; path = Coordinator.swift; sourceTree = "<group>"; };
		ECCCD1AC23B5A6F70047F1F6 /* ApplicationCoordinator.swift */ = {isa = PBXFileReference; lastKnownFileType = sourcecode.swift; path = ApplicationCoordinator.swift; sourceTree = "<group>"; };
		ECCCD1AE23B5A7920047F1F6 /* MediaFeedCoordinator.swift */ = {isa = PBXFileReference; lastKnownFileType = sourcecode.swift; path = MediaFeedCoordinator.swift; sourceTree = "<group>"; };
		ECCCD1B123B5A7C10047F1F6 /* MediaFeedViewController.swift */ = {isa = PBXFileReference; lastKnownFileType = sourcecode.swift; path = MediaFeedViewController.swift; sourceTree = "<group>"; };
/* End PBXFileReference section */

/* Begin PBXFrameworksBuildPhase section */
		ECCCD11223B579BD0047F1F6 /* Frameworks */ = {
			isa = PBXFrameworksBuildPhase;
			buildActionMask = 2147483647;
			files = (
				ECCCD19D23B5A5710047F1F6 /* RxCocoa.framework in Frameworks */,
				ECCCD16123B57FB80047F1F6 /* Swinject.framework in Frameworks */,
				ECCCD1A823B5A5B80047F1F6 /* RxRelay.framework in Frameworks */,
				ECCCD19723B5A5660047F1F6 /* Nuke.framework in Frameworks */,
				ECCCD19A23B5A56A0047F1F6 /* Result.framework in Frameworks */,
				ECCCD1A623B5A5920047F1F6 /* RxSwift.framework in Frameworks */,
				ECCCD19423B5A5620047F1F6 /* Moya.framework in Frameworks */,
				ECCCD1A323B5A58D0047F1F6 /* RxMoya.framework in Frameworks */,
				ECCCD19123B5A55E0047F1F6 /* Alamofire.framework in Frameworks */,
			);
			runOnlyForDeploymentPostprocessing = 0;
		};
		ECCCD12823B579BF0047F1F6 /* Frameworks */ = {
			isa = PBXFrameworksBuildPhase;
			buildActionMask = 2147483647;
			files = (
			);
			runOnlyForDeploymentPostprocessing = 0;
		};
/* End PBXFrameworksBuildPhase section */

/* Begin PBXGroup section */
		ECCCD10C23B579BD0047F1F6 = {
			isa = PBXGroup;
			children = (
				ECCCD11723B579BD0047F1F6 /* ItunesMedia */,
				ECCCD12E23B579BF0047F1F6 /* ItunesMediaTests */,
				ECCCD11623B579BD0047F1F6 /* Products */,
				ECCCD15F23B57FB80047F1F6 /* Frameworks */,
			);
			sourceTree = "<group>";
		};
		ECCCD11623B579BD0047F1F6 /* Products */ = {
			isa = PBXGroup;
			children = (
				ECCCD11523B579BD0047F1F6 /* Itunes Media.app */,
				ECCCD12B23B579BF0047F1F6 /* ItunesMediaTests.xctest */,
			);
			name = Products;
			sourceTree = "<group>";
		};
		ECCCD11723B579BD0047F1F6 /* ItunesMedia */ = {
			isa = PBXGroup;
			children = (
				ECCCD14A23B57B8E0047F1F6 /* K.swift */,
				ECCCD11823B579BD0047F1F6 /* AppDelegate.swift */,
				ECCCD13D23B57B510047F1F6 /* Navigation */,
				ECCCD13E23B57B580047F1F6 /* ViewControllers */,
				ECCCD13F23B57B600047F1F6 /* ViewModels */,
				ECCCD14C23B57BB20047F1F6 /* Models */,
				ECCCD13C23B57ADC0047F1F6 /* Views */,
				ECCCD14023B57B630047F1F6 /* Services */,
				ECCCD14223B57B6C0047F1F6 /* UseCases */,
				ECCCD14123B57B680047F1F6 /* Repositories */,
				ECCCD14F23B57BD90047F1F6 /* Networking */,
				ECCCD13A23B57A110047F1F6 /* Resources */,
				ECCCD14323B57B730047F1F6 /* Library */,
				ECCCD12623B579BF0047F1F6 /* Info.plist */,
			);
			path = ItunesMedia;
			sourceTree = "<group>";
		};
		ECCCD12E23B579BF0047F1F6 /* ItunesMediaTests */ = {
			isa = PBXGroup;
			children = (
				ECCCD12F23B579BF0047F1F6 /* ItunesMediaTests.swift */,
				ECCCD13123B579BF0047F1F6 /* Info.plist */,
			);
			path = ItunesMediaTests;
			sourceTree = "<group>";
		};
		ECCCD13A23B57A110047F1F6 /* Resources */ = {
			isa = PBXGroup;
			children = (
				ECCCD13B23B57AD30047F1F6 /* Assets */,
				ECCCD18D23B5A4880047F1F6 /* L10n.swift */,
				ECCCD18C23B5A4880047F1F6 /* R.swift */,
				ECCCD15D23B57D530047F1F6 /* Localizable.strings */,
			);
			path = Resources;
			sourceTree = "<group>";
		};
		ECCCD13B23B57AD30047F1F6 /* Assets */ = {
			isa = PBXGroup;
			children = (
				ECCCD12123B579BF0047F1F6 /* Base.xcassets */,
				ECCCD15423B57C9D0047F1F6 /* Colors.xcassets */,
				ECCCD15623B57CAF0047F1F6 /* Icons.xcassets */,
			);
			path = Assets;
			sourceTree = "<group>";
		};
		ECCCD13C23B57ADC0047F1F6 /* Views */ = {
			isa = PBXGroup;
			children = (
				ECCCD12323B579BF0047F1F6 /* LaunchScreen.storyboard */,
			);
			path = Views;
			sourceTree = "<group>";
		};
		ECCCD13D23B57B510047F1F6 /* Navigation */ = {
			isa = PBXGroup;
			children = (
				ECCCD1AC23B5A6F70047F1F6 /* ApplicationCoordinator.swift */,
				ECCCD1AE23B5A7920047F1F6 /* MediaFeedCoordinator.swift */,
			);
			path = Navigation;
			sourceTree = "<group>";
		};
		ECCCD13E23B57B580047F1F6 /* ViewControllers */ = {
			isa = PBXGroup;
			children = (
				ECCCD1B023B5A7B10047F1F6 /* MediaFeedViewController */,
			);
			path = ViewControllers;
			sourceTree = "<group>";
		};
		ECCCD13F23B57B600047F1F6 /* ViewModels */ = {
			isa = PBXGroup;
			children = (
			);
			path = ViewModels;
			sourceTree = "<group>";
		};
		ECCCD14023B57B630047F1F6 /* Services */ = {
			isa = PBXGroup;
			children = (
			);
			path = Services;
			sourceTree = "<group>";
		};
		ECCCD14123B57B680047F1F6 /* Repositories */ = {
			isa = PBXGroup;
			children = (
			);
			path = Repositories;
			sourceTree = "<group>";
		};
		ECCCD14223B57B6C0047F1F6 /* UseCases */ = {
			isa = PBXGroup;
			children = (
			);
			path = UseCases;
			sourceTree = "<group>";
		};
		ECCCD14323B57B730047F1F6 /* Library */ = {
			isa = PBXGroup;
			children = (
				ECCCD14423B57B760047F1F6 /* Utils */,
				ECCCD14623B57B7D0047F1F6 /* Enums */,
				ECCCD15023B57BF00047F1F6 /* Factories */,
				ECCCD15123B57BF30047F1F6 /* Strategies */,
				ECCCD14723B57B7F0047F1F6 /* Protocols */,
				ECCCD14823B57B830047F1F6 /* Extensions */,
				ECCCD15223B57C030047F1F6 /* Dependencies */,
			);
			path = Library;
			sourceTree = "<group>";
		};
		ECCCD14423B57B760047F1F6 /* Utils */ = {
			isa = PBXGroup;
			children = (
			);
			path = Utils;
			sourceTree = "<group>";
		};
		ECCCD14623B57B7D0047F1F6 /* Enums */ = {
			isa = PBXGroup;
			children = (
				ECCCD18223B594AF0047F1F6 /* MediaType.swift */,
			);
			path = Enums;
			sourceTree = "<group>";
		};
		ECCCD14723B57B7F0047F1F6 /* Protocols */ = {
			isa = PBXGroup;
			children = (
				ECCCD17623B587A40047F1F6 /* Media.swift */,
				ECCCD1AA23B5A6D80047F1F6 /* Coordinator.swift */,
			);
			path = Protocols;
			sourceTree = "<group>";
		};
		ECCCD14823B57B830047F1F6 /* Extensions */ = {
			isa = PBXGroup;
			children = (
				ECCCD14923B57B860047F1F6 /* Actions */,
				ECCCD18A23B5A2FC0047F1F6 /* Codable+asDictionary.swift */,
			);
			path = Extensions;
			sourceTree = "<group>";
		};
		ECCCD14923B57B860047F1F6 /* Actions */ = {
			isa = PBXGroup;
			children = (
			);
			path = Actions;
			sourceTree = "<group>";
		};
		ECCCD14C23B57BB20047F1F6 /* Models */ = {
			isa = PBXGroup;
			children = (
				ECCCD14E23B57BB90047F1F6 /* ResponseModels */,
				ECCCD14D23B57BB50047F1F6 /* RequestModels */,
				ECCCD17423B587800047F1F6 /* TvShowModel.swift */,
				ECCCD17823B5885E0047F1F6 /* SongModel.swift */,
				ECCCD17A23B588B40047F1F6 /* MovieModel.swift */,
				ECCCD17C23B589EC0047F1F6 /* PodcastModel.swift */,
				ECCCD17E23B58A9B0047F1F6 /* EbookModel.swift */,
			);
			path = Models;
			sourceTree = "<group>";
		};
		ECCCD14D23B57BB50047F1F6 /* RequestModels */ = {
			isa = PBXGroup;
			children = (
				ECCCD18823B5A18F0047F1F6 /* SearchRequestModel.swift */,
			);
			path = RequestModels;
			sourceTree = "<group>";
		};
		ECCCD14E23B57BB90047F1F6 /* ResponseModels */ = {
			isa = PBXGroup;
			children = (
				ECCCD18623B59F5E0047F1F6 /* ResponseMediaModel.swift */,
			);
			path = ResponseModels;
			sourceTree = "<group>";
		};
		ECCCD14F23B57BD90047F1F6 /* Networking */ = {
			isa = PBXGroup;
			children = (
				ECCCD18423B59C930047F1F6 /* MediaProvider.swift */,
			);
			path = Networking;
			sourceTree = "<group>";
		};
		ECCCD15023B57BF00047F1F6 /* Factories */ = {
			isa = PBXGroup;
			children = (
			);
			path = Factories;
			sourceTree = "<group>";
		};
		ECCCD15123B57BF30047F1F6 /* Strategies */ = {
			isa = PBXGroup;
			children = (
			);
			path = Strategies;
			sourceTree = "<group>";
		};
		ECCCD15223B57C030047F1F6 /* Dependencies */ = {
			isa = PBXGroup;
			children = (
				ECCCD16723B584AF0047F1F6 /* Assamblers */,
				ECCCD16823B584C50047F1F6 /* Injector.swift */,
			);
			path = Dependencies;
			sourceTree = "<group>";
		};
		ECCCD15F23B57FB80047F1F6 /* Frameworks */ = {
			isa = PBXGroup;
			children = (
				ECCCD1A523B5A5920047F1F6 /* RxSwift.framework */,
				ECCCD1A223B5A58D0047F1F6 /* RxMoya.framework */,
				ECCCD19F23B5A5770047F1F6 /* RxRelay.framework */,
				ECCCD19C23B5A5710047F1F6 /* RxCocoa.framework */,
				ECCCD19923B5A56A0047F1F6 /* Result.framework */,
				ECCCD19623B5A5660047F1F6 /* Nuke.framework */,
				ECCCD19323B5A5620047F1F6 /* Moya.framework */,
				ECCCD19023B5A55E0047F1F6 /* Alamofire.framework */,
				ECCCD16023B57FB80047F1F6 /* Swinject.framework */,
			);
			name = Frameworks;
			sourceTree = "<group>";
		};
		ECCCD16723B584AF0047F1F6 /* Assamblers */ = {
			isa = PBXGroup;
			children = (
				ECCCD16A23B585070047F1F6 /* UseCaseAssembly.swift */,
				ECCCD16C23B585190047F1F6 /* RepositoryAssembly.swift */,
				ECCCD16E23B585570047F1F6 /* ViewModelAssembly.swift */,
				ECCCD17023B5856B0047F1F6 /* ViewControllerAssembly.swift */,
				ECCCD17223B586090047F1F6 /* CoordinatorAssembly.swift */,
			);
			path = Assamblers;
			sourceTree = "<group>";
		};
		ECCCD1B023B5A7B10047F1F6 /* MediaFeedViewController */ = {
			isa = PBXGroup;
			children = (
				ECCCD1B123B5A7C10047F1F6 /* MediaFeedViewController.swift */,
			);
			path = MediaFeedViewController;
			sourceTree = "<group>";
		};
/* End PBXGroup section */

/* Begin PBXNativeTarget section */
		ECCCD11423B579BD0047F1F6 /* ItunesMedia */ = {
			isa = PBXNativeTarget;
			buildConfigurationList = ECCCD13423B579BF0047F1F6 /* Build configuration list for PBXNativeTarget "ItunesMedia" */;
			buildPhases = (
				ECCCD16623B5823A0047F1F6 /* SwiftGen Assets Generation */,
				ECCCD11123B579BD0047F1F6 /* Sources */,
				ECCCD11223B579BD0047F1F6 /* Frameworks */,
				ECCCD11323B579BD0047F1F6 /* Resources */,
				ECCCD16323B57FB80047F1F6 /* Embed Frameworks */,
				ECCCD16423B580CE0047F1F6 /* Carthage Copy Frameworks */,
				ECCCD16523B581E60047F1F6 /* SwiftLint */,
			);
			buildRules = (
			);
			dependencies = (
			);
			name = ItunesMedia;
			productName = ItunesMedia;
			productReference = ECCCD11523B579BD0047F1F6 /* Itunes Media.app */;
			productType = "com.apple.product-type.application";
		};
		ECCCD12A23B579BF0047F1F6 /* ItunesMediaTests */ = {
			isa = PBXNativeTarget;
			buildConfigurationList = ECCCD13723B579BF0047F1F6 /* Build configuration list for PBXNativeTarget "ItunesMediaTests" */;
			buildPhases = (
				ECCCD12723B579BF0047F1F6 /* Sources */,
				ECCCD12823B579BF0047F1F6 /* Frameworks */,
				ECCCD12923B579BF0047F1F6 /* Resources */,
			);
			buildRules = (
			);
			dependencies = (
				ECCCD12D23B579BF0047F1F6 /* PBXTargetDependency */,
			);
			name = ItunesMediaTests;
			productName = ItunesMediaTests;
			productReference = ECCCD12B23B579BF0047F1F6 /* ItunesMediaTests.xctest */;
			productType = "com.apple.product-type.bundle.unit-test";
		};
/* End PBXNativeTarget section */

/* Begin PBXProject section */
		ECCCD10D23B579BD0047F1F6 /* Project object */ = {
			isa = PBXProject;
			attributes = {
				LastSwiftUpdateCheck = 1130;
				LastUpgradeCheck = 1130;
				ORGANIZATIONNAME = "Gustavo Lopez";
				TargetAttributes = {
					ECCCD11423B579BD0047F1F6 = {
						CreatedOnToolsVersion = 11.3;
					};
					ECCCD12A23B579BF0047F1F6 = {
						CreatedOnToolsVersion = 11.3;
						TestTargetID = ECCCD11423B579BD0047F1F6;
					};
				};
			};
			buildConfigurationList = ECCCD11023B579BD0047F1F6 /* Build configuration list for PBXProject "ItunesMedia" */;
			compatibilityVersion = "Xcode 9.3";
			developmentRegion = en;
			hasScannedForEncodings = 0;
			knownRegions = (
				en,
				Base,
				es,
			);
			mainGroup = ECCCD10C23B579BD0047F1F6;
			productRefGroup = ECCCD11623B579BD0047F1F6 /* Products */;
			projectDirPath = "";
			projectRoot = "";
			targets = (
				ECCCD11423B579BD0047F1F6 /* ItunesMedia */,
				ECCCD12A23B579BF0047F1F6 /* ItunesMediaTests */,
			);
		};
/* End PBXProject section */

/* Begin PBXResourcesBuildPhase section */
		ECCCD11323B579BD0047F1F6 /* Resources */ = {
			isa = PBXResourcesBuildPhase;
			buildActionMask = 2147483647;
			files = (
				ECCCD15B23B57D530047F1F6 /* Localizable.strings in Resources */,
				ECCCD15523B57C9D0047F1F6 /* Colors.xcassets in Resources */,
				ECCCD12523B579BF0047F1F6 /* LaunchScreen.storyboard in Resources */,
				ECCCD15723B57CAF0047F1F6 /* Icons.xcassets in Resources */,
				ECCCD12223B579BF0047F1F6 /* Base.xcassets in Resources */,
			);
			runOnlyForDeploymentPostprocessing = 0;
		};
		ECCCD12923B579BF0047F1F6 /* Resources */ = {
			isa = PBXResourcesBuildPhase;
			buildActionMask = 2147483647;
			files = (
			);
			runOnlyForDeploymentPostprocessing = 0;
		};
/* End PBXResourcesBuildPhase section */

/* Begin PBXShellScriptBuildPhase section */
		ECCCD16423B580CE0047F1F6 /* Carthage Copy Frameworks */ = {
			isa = PBXShellScriptBuildPhase;
			buildActionMask = 2147483647;
			files = (
			);
			inputFileListPaths = (
			);
			inputPaths = (
				"$(SRCROOT)/Carthage/Build/iOS/Swinject.framework",
				"$(SRCROOT)/Carthage/Build/iOS/Alamofire.framework",
				"$(SRCROOT)/Carthage/Build/iOS/Moya.framework",
				"$(SRCROOT)/Carthage/Build/iOS/Nuke.framework",
				"$(SRCROOT)/Carthage/Build/iOS/ReactiveMoya.framework",
				"$(SRCROOT)/Carthage/Build/iOS/Result.framework",
				"$(SRCROOT)/Carthage/Build/iOS/RxCocoa.framework",
				"$(SRCROOT)/Carthage/Build/iOS/RxMoya.framework",
				"$(SRCROOT)/Carthage/Build/iOS/RxRelay.framework",
				"$(SRCROOT)/Carthage/Build/iOS/RxSwift.framework",
			);
			name = "Carthage Copy Frameworks";
			outputFileListPaths = (
			);
			outputPaths = (
			);
			runOnlyForDeploymentPostprocessing = 0;
			shellPath = /bin/sh;
			shellScript = "# Type a script or drag a script file from your workspace to insert its path.\n/usr/local/bin/carthage copy-frameworks\n";
		};
		ECCCD16523B581E60047F1F6 /* SwiftLint */ = {
			isa = PBXShellScriptBuildPhase;
			buildActionMask = 2147483647;
			files = (
			);
			inputFileListPaths = (
			);
			inputPaths = (
			);
			name = SwiftLint;
			outputFileListPaths = (
			);
			outputPaths = (
			);
			runOnlyForDeploymentPostprocessing = 0;
			shellPath = /bin/sh;
			shellScript = "
";
		};
		ECCCD16623B5823A0047F1F6 /* SwiftGen Assets Generation */ = {
			isa = PBXShellScriptBuildPhase;
			buildActionMask = 2147483647;
			files = (
			);
			inputFileListPaths = (
			);
			inputPaths = (
			);
			name = "SwiftGen Assets Generation";
			outputFileListPaths = (
			);
			outputPaths = (
			);
			runOnlyForDeploymentPostprocessing = 0;
			shellPath = /bin/sh;
			shellScript = "if which swiftgen >/dev/null; then\n  swiftgen\nelse\n  echo \"warning: SwiftGen not installed, download it from https://github.com/SwiftGen/SwiftGen\"\nfi\n";
		};
/* End PBXShellScriptBuildPhase section */

/* Begin PBXSourcesBuildPhase section */
		ECCCD11123B579BD0047F1F6 /* Sources */ = {
			isa = PBXSourcesBuildPhase;
			buildActionMask = 2147483647;
			files = (
				ECCCD18323B594AF0047F1F6 /* MediaType.swift in Sources */,
				ECCCD18B23B5A2FC0047F1F6 /* Codable+asDictionary.swift in Sources */,
				ECCCD17B23B588B40047F1F6 /* MovieModel.swift in Sources */,
				ECCCD17323B586090047F1F6 /* CoordinatorAssembly.swift in Sources */,
				ECCCD18723B59F5E0047F1F6 /* ResponseMediaModel.swift in Sources */,
				ECCCD16F23B585570047F1F6 /* ViewModelAssembly.swift in Sources */,
				ECCCD1AB23B5A6D80047F1F6 /* Coordinator.swift in Sources */,
				ECCCD17523B587800047F1F6 /* TvShowModel.swift in Sources */,
				ECCCD11923B579BD0047F1F6 /* AppDelegate.swift in Sources */,
				ECCCD18E23B5A4880047F1F6 /* R.swift in Sources */,
				ECCCD1B223B5A7C10047F1F6 /* MediaFeedViewController.swift in Sources */,
				ECCCD17723B587A40047F1F6 /* Media.swift in Sources */,
				ECCCD16B23B585070047F1F6 /* UseCaseAssembly.swift in Sources */,
				ECCCD1AD23B5A6F70047F1F6 /* ApplicationCoordinator.swift in Sources */,
				ECCCD1AF23B5A7920047F1F6 /* MediaFeedCoordinator.swift in Sources */,
				ECCCD18F23B5A4880047F1F6 /* L10n.swift in Sources */,
				ECCCD18923B5A18F0047F1F6 /* SearchRequestModel.swift in Sources */,
				ECCCD16923B584C50047F1F6 /* Injector.swift in Sources */,
				ECCCD18523B59C930047F1F6 /* MediaProvider.swift in Sources */,
				ECCCD14B23B57B8E0047F1F6 /* K.swift in Sources */,
				ECCCD17D23B589EC0047F1F6 /* PodcastModel.swift in Sources */,
				ECCCD17F23B58A9B0047F1F6 /* EbookModel.swift in Sources */,
				ECCCD16D23B585190047F1F6 /* RepositoryAssembly.swift in Sources */,
				ECCCD17923B5885E0047F1F6 /* SongModel.swift in Sources */,
				ECCCD17123B5856B0047F1F6 /* ViewControllerAssembly.swift in Sources */,
			);
			runOnlyForDeploymentPostprocessing = 0;
		};
		ECCCD12723B579BF0047F1F6 /* Sources */ = {
			isa = PBXSourcesBuildPhase;
			buildActionMask = 2147483647;
			files = (
				ECCCD13023B579BF0047F1F6 /* ItunesMediaTests.swift in Sources */,
			);
			runOnlyForDeploymentPostprocessing = 0;
		};
/* End PBXSourcesBuildPhase section */

/* Begin PBXTargetDependency section */
		ECCCD12D23B579BF0047F1F6 /* PBXTargetDependency */ = {
			isa = PBXTargetDependency;
			target = ECCCD11423B579BD0047F1F6 /* ItunesMedia */;
			targetProxy = ECCCD12C23B579BF0047F1F6 /* PBXContainerItemProxy */;
		};
/* End PBXTargetDependency section */

/* Begin PBXVariantGroup section */
		ECCCD12323B579BF0047F1F6 /* LaunchScreen.storyboard */ = {
			isa = PBXVariantGroup;
			children = (
				ECCCD12423B579BF0047F1F6 /* Base */,
				ECCCD15A23B57D470047F1F6 /* es */,
			);
			name = LaunchScreen.storyboard;
			sourceTree = "<group>";
		};
		ECCCD15D23B57D530047F1F6 /* Localizable.strings */ = {
			isa = PBXVariantGroup;
			children = (
				ECCCD15C23B57D530047F1F6 /* en */,
				ECCCD15E23B57D6A0047F1F6 /* es */,
			);
			name = Localizable.strings;
			sourceTree = "<group>";
		};
/* End PBXVariantGroup section */

/* Begin XCBuildConfiguration section */
		ECCCD13223B579BF0047F1F6 /* Debug */ = {
			isa = XCBuildConfiguration;
			buildSettings = {
				ALWAYS_SEARCH_USER_PATHS = NO;
				CLANG_ANALYZER_LOCALIZABILITY_NONLOCALIZED = YES;
				CLANG_ANALYZER_NONNULL = YES;
				CLANG_ANALYZER_NUMBER_OBJECT_CONVERSION = YES_AGGRESSIVE;
				CLANG_CXX_LANGUAGE_STANDARD = "gnu++14";
				CLANG_CXX_LIBRARY = "libc++";
				CLANG_ENABLE_MODULES = YES;
				CLANG_ENABLE_OBJC_ARC = YES;
				CLANG_ENABLE_OBJC_WEAK = YES;
				CLANG_WARN_BLOCK_CAPTURE_AUTORELEASING = YES;
				CLANG_WARN_BOOL_CONVERSION = YES;
				CLANG_WARN_COMMA = YES;
				CLANG_WARN_CONSTANT_CONVERSION = YES;
				CLANG_WARN_DEPRECATED_OBJC_IMPLEMENTATIONS = YES;
				CLANG_WARN_DIRECT_OBJC_ISA_USAGE = YES_ERROR;
				CLANG_WARN_DOCUMENTATION_COMMENTS = YES;
				CLANG_WARN_EMPTY_BODY = YES;
				CLANG_WARN_ENUM_CONVERSION = YES;
				CLANG_WARN_INFINITE_RECURSION = YES;
				CLANG_WARN_INT_CONVERSION = YES;
				CLANG_WARN_NON_LITERAL_NULL_CONVERSION = YES;
				CLANG_WARN_OBJC_IMPLICIT_RETAIN_SELF = YES;
				CLANG_WARN_OBJC_LITERAL_CONVERSION = YES;
				CLANG_WARN_OBJC_ROOT_CLASS = YES_ERROR;
				CLANG_WARN_RANGE_LOOP_ANALYSIS = YES;
				CLANG_WARN_STRICT_PROTOTYPES = YES;
				CLANG_WARN_SUSPICIOUS_MOVE = YES;
				CLANG_WARN_UNGUARDED_AVAILABILITY = YES_AGGRESSIVE;
				CLANG_WARN_UNREACHABLE_CODE = YES;
				CLANG_WARN__DUPLICATE_METHOD_MATCH = YES;
				COPY_PHASE_STRIP = NO;
				DEBUG_INFORMATION_FORMAT = dwarf;
				ENABLE_STRICT_OBJC_MSGSEND = YES;
				ENABLE_TESTABILITY = YES;
				GCC_C_LANGUAGE_STANDARD = gnu11;
				GCC_DYNAMIC_NO_PIC = NO;
				GCC_NO_COMMON_BLOCKS = YES;
				GCC_OPTIMIZATION_LEVEL = 0;
				GCC_PREPROCESSOR_DEFINITIONS = (
					"DEBUG=1",
					"$(inherited)",
				);
				GCC_WARN_64_TO_32_BIT_CONVERSION = YES;
				GCC_WARN_ABOUT_RETURN_TYPE = YES_ERROR;
				GCC_WARN_UNDECLARED_SELECTOR = YES;
				GCC_WARN_UNINITIALIZED_AUTOS = YES_AGGRESSIVE;
				GCC_WARN_UNUSED_FUNCTION = YES;
				GCC_WARN_UNUSED_VARIABLE = YES;
				IPHONEOS_DEPLOYMENT_TARGET = 13.2;
				MTL_ENABLE_DEBUG_INFO = INCLUDE_SOURCE;
				MTL_FAST_MATH = YES;
				ONLY_ACTIVE_ARCH = YES;
				SDKROOT = iphoneos;
				SWIFT_ACTIVE_COMPILATION_CONDITIONS = DEBUG;
				SWIFT_OPTIMIZATION_LEVEL = "-Onone";
			};
			name = Debug;
		};
		ECCCD13323B579BF0047F1F6 /* Release */ = {
			isa = XCBuildConfiguration;
			buildSettings = {
				ALWAYS_SEARCH_USER_PATHS = NO;
				CLANG_ANALYZER_LOCALIZABILITY_NONLOCALIZED = YES;
				CLANG_ANALYZER_NONNULL = YES;
				CLANG_ANALYZER_NUMBER_OBJECT_CONVERSION = YES_AGGRESSIVE;
				CLANG_CXX_LANGUAGE_STANDARD = "gnu++14";
				CLANG_CXX_LIBRARY = "libc++";
				CLANG_ENABLE_MODULES = YES;
				CLANG_ENABLE_OBJC_ARC = YES;
				CLANG_ENABLE_OBJC_WEAK = YES;
				CLANG_WARN_BLOCK_CAPTURE_AUTORELEASING = YES;
				CLANG_WARN_BOOL_CONVERSION = YES;
				CLANG_WARN_COMMA = YES;
				CLANG_WARN_CONSTANT_CONVERSION = YES;
				CLANG_WARN_DEPRECATED_OBJC_IMPLEMENTATIONS = YES;
				CLANG_WARN_DIRECT_OBJC_ISA_USAGE = YES_ERROR;
				CLANG_WARN_DOCUMENTATION_COMMENTS = YES;
				CLANG_WARN_EMPTY_BODY = YES;
				CLANG_WARN_ENUM_CONVERSION = YES;
				CLANG_WARN_INFINITE_RECURSION = YES;
				CLANG_WARN_INT_CONVERSION = YES;
				CLANG_WARN_NON_LITERAL_NULL_CONVERSION = YES;
				CLANG_WARN_OBJC_IMPLICIT_RETAIN_SELF = YES;
				CLANG_WARN_OBJC_LITERAL_CONVERSION = YES;
				CLANG_WARN_OBJC_ROOT_CLASS = YES_ERROR;
				CLANG_WARN_RANGE_LOOP_ANALYSIS = YES;
				CLANG_WARN_STRICT_PROTOTYPES = YES;
				CLANG_WARN_SUSPICIOUS_MOVE = YES;
				CLANG_WARN_UNGUARDED_AVAILABILITY = YES_AGGRESSIVE;
				CLANG_WARN_UNREACHABLE_CODE = YES;
				CLANG_WARN__DUPLICATE_METHOD_MATCH = YES;
				COPY_PHASE_STRIP = NO;
				DEBUG_INFORMATION_FORMAT = "dwarf-with-dsym";
				ENABLE_NS_ASSERTIONS = NO;
				ENABLE_STRICT_OBJC_MSGSEND = YES;
				GCC_C_LANGUAGE_STANDARD = gnu11;
				GCC_NO_COMMON_BLOCKS = YES;
				GCC_WARN_64_TO_32_BIT_CONVERSION = YES;
				GCC_WARN_ABOUT_RETURN_TYPE = YES_ERROR;
				GCC_WARN_UNDECLARED_SELECTOR = YES;
				GCC_WARN_UNINITIALIZED_AUTOS = YES_AGGRESSIVE;
				GCC_WARN_UNUSED_FUNCTION = YES;
				GCC_WARN_UNUSED_VARIABLE = YES;
				IPHONEOS_DEPLOYMENT_TARGET = 13.2;
				MTL_ENABLE_DEBUG_INFO = NO;
				MTL_FAST_MATH = YES;
				SDKROOT = iphoneos;
				SWIFT_COMPILATION_MODE = wholemodule;
				SWIFT_OPTIMIZATION_LEVEL = "-O";
				VALIDATE_PRODUCT = YES;
			};
			name = Release;
		};
		ECCCD13523B579BF0047F1F6 /* Debug */ = {
			isa = XCBuildConfiguration;
			buildSettings = {
				ASSETCATALOG_COMPILER_APPICON_NAME = AppIcon;
				CODE_SIGN_STYLE = Automatic;
				DEVELOPMENT_TEAM = 2YD35YRH8N;
				FRAMEWORK_SEARCH_PATHS = (
					"$(inherited)",
					"$(PROJECT_DIR)/Carthage/Build/iOS",
				);
				INFOPLIST_FILE = ItunesMedia/Info.plist;
				IPHONEOS_DEPLOYMENT_TARGET = 12.0;
				LD_RUNPATH_SEARCH_PATHS = (
					"$(inherited)",
					"@executable_path/Frameworks",
				);
				PRODUCT_BUNDLE_IDENTIFIER = com.ravn.itunesmedia.ios;
				PRODUCT_NAME = "Itunes Media";
				SWIFT_VERSION = 5.0;
				TARGETED_DEVICE_FAMILY = 1;
			};
			name = Debug;
		};
		ECCCD13623B579BF0047F1F6 /* Release */ = {
			isa = XCBuildConfiguration;
			buildSettings = {
				ASSETCATALOG_COMPILER_APPICON_NAME = AppIcon;
				CODE_SIGN_STYLE = Automatic;
				DEVELOPMENT_TEAM = 2YD35YRH8N;
				FRAMEWORK_SEARCH_PATHS = (
					"$(inherited)",
					"$(PROJECT_DIR)/Carthage/Build/iOS",
				);
				INFOPLIST_FILE = ItunesMedia/Info.plist;
				IPHONEOS_DEPLOYMENT_TARGET = 12.0;
				LD_RUNPATH_SEARCH_PATHS = (
					"$(inherited)",
					"@executable_path/Frameworks",
				);
				PRODUCT_BUNDLE_IDENTIFIER = com.ravn.itunesmedia.ios;
				PRODUCT_NAME = "Itunes Media";
				SWIFT_VERSION = 5.0;
				TARGETED_DEVICE_FAMILY = 1;
			};
			name = Release;
		};
		ECCCD13823B579BF0047F1F6 /* Debug */ = {
			isa = XCBuildConfiguration;
			buildSettings = {
				ALWAYS_EMBED_SWIFT_STANDARD_LIBRARIES = YES;
				BUNDLE_LOADER = "$(TEST_HOST)";
				CODE_SIGN_STYLE = Automatic;
				DEVELOPMENT_TEAM = 2YD35YRH8N;
				INFOPLIST_FILE = ItunesMediaTests/Info.plist;
				IPHONEOS_DEPLOYMENT_TARGET = 13.2;
				LD_RUNPATH_SEARCH_PATHS = (
					"$(inherited)",
					"@executable_path/Frameworks",
					"@loader_path/Frameworks",
				);
				PRODUCT_BUNDLE_IDENTIFIER = com.ravn.itunesmedia.ios.ItunesMediaTests;
				PRODUCT_NAME = "$(TARGET_NAME)";
				SWIFT_VERSION = 5.0;
				TARGETED_DEVICE_FAMILY = "1,2";
				TEST_HOST = "$(BUILT_PRODUCTS_DIR)/ItunesMedia.app/ItunesMedia";
			};
			name = Debug;
		};
		ECCCD13923B579BF0047F1F6 /* Release */ = {
			isa = XCBuildConfiguration;
			buildSettings = {
				ALWAYS_EMBED_SWIFT_STANDARD_LIBRARIES = YES;
				BUNDLE_LOADER = "$(TEST_HOST)";
				CODE_SIGN_STYLE = Automatic;
				DEVELOPMENT_TEAM = 2YD35YRH8N;
				INFOPLIST_FILE = ItunesMediaTests/Info.plist;
				IPHONEOS_DEPLOYMENT_TARGET = 13.2;
				LD_RUNPATH_SEARCH_PATHS = (
					"$(inherited)",
					"@executable_path/Frameworks",
					"@loader_path/Frameworks",
				);
				PRODUCT_BUNDLE_IDENTIFIER = com.ravn.itunesmedia.ios.ItunesMediaTests;
				PRODUCT_NAME = "$(TARGET_NAME)";
				SWIFT_VERSION = 5.0;
				TARGETED_DEVICE_FAMILY = "1,2";
				TEST_HOST = "$(BUILT_PRODUCTS_DIR)/ItunesMedia.app/ItunesMedia";
			};
			name = Release;
		};
/* End XCBuildConfiguration section */

/* Begin XCConfigurationList section */
		ECCCD11023B579BD0047F1F6 /* Build configuration list for PBXProject "ItunesMedia" */ = {
			isa = XCConfigurationList;
			buildConfigurations = (
				ECCCD13223B579BF0047F1F6 /* Debug */,
				ECCCD13323B579BF0047F1F6 /* Release */,
			);
			defaultConfigurationIsVisible = 0;
			defaultConfigurationName = Release;
		};
		ECCCD13423B579BF0047F1F6 /* Build configuration list for PBXNativeTarget "ItunesMedia" */ = {
			isa = XCConfigurationList;
			buildConfigurations = (
				ECCCD13523B579BF0047F1F6 /* Debug */,
				ECCCD13623B579BF0047F1F6 /* Release */,
			);
			defaultConfigurationIsVisible = 0;
			defaultConfigurationName = Release;
		};
		ECCCD13723B579BF0047F1F6 /* Build configuration list for PBXNativeTarget "ItunesMediaTests" */ = {
			isa = XCConfigurationList;
			buildConfigurations = (
				ECCCD13823B579BF0047F1F6 /* Debug */,
				ECCCD13923B579BF0047F1F6 /* Release */,
			);
			defaultConfigurationIsVisible = 0;
			defaultConfigurationName = Release;
		};
/* End XCConfigurationList section */
	};
	rootObject = ECCCD10D23B579BD0047F1F6 /* Project object */;
}
