// !$*UTF8*$!
{
	archiveVersion = 1;
	classes = {
	};
	objectVersion = 50;
	objects = {

/* Begin PBXBuildFile section */
		EC0650B323B669F900319F64 /* UIViewController+keyboardHandling.swift in Sources */ = {isa = PBXBuildFile; fileRef = EC0650B223B669F900319F64 /* UIViewController+keyboardHandling.swift */; };
		EC0650B523B66FE200319F64 /* EmptyStateViewModelType.swift in Sources */ = {isa = PBXBuildFile; fileRef = EC0650B423B66FE200319F64 /* EmptyStateViewModelType.swift */; };
		EC0650BB23B670E900319F64 /* EmptyStateCell.swift in Sources */ = {isa = PBXBuildFile; fileRef = EC0650B923B670E900319F64 /* EmptyStateCell.swift */; };
		EC0650BC23B670E900319F64 /* EmptyStateCell.xib in Resources */ = {isa = PBXBuildFile; fileRef = EC0650BA23B670E900319F64 /* EmptyStateCell.xib */; };
		EC0650BE23B6728200319F64 /* EmptyStateSectionController.swift in Sources */ = {isa = PBXBuildFile; fileRef = EC0650BD23B6728200319F64 /* EmptyStateSectionController.swift */; };
		EC0650C023B677A900319F64 /* LoadingCell.swift in Sources */ = {isa = PBXBuildFile; fileRef = EC0650BF23B677A900319F64 /* LoadingCell.swift */; };
		EC0650C223B6788B00319F64 /* ScrollView+LoadMore.swift in Sources */ = {isa = PBXBuildFile; fileRef = EC0650C123B6788B00319F64 /* ScrollView+LoadMore.swift */; };
		EC0650C423B67E4E00319F64 /* LoadingSectionController.swift in Sources */ = {isa = PBXBuildFile; fileRef = EC0650C323B67E4E00319F64 /* LoadingSectionController.swift */; };
		EC0650C723B68A8700319F64 /* MediaContentViewController.swift in Sources */ = {isa = PBXBuildFile; fileRef = EC0650C623B68A8700319F64 /* MediaContentViewController.swift */; };
		EC0650CA23B68B0900319F64 /* MediaContentViewModel.swift in Sources */ = {isa = PBXBuildFile; fileRef = EC0650C923B68B0900319F64 /* MediaContentViewModel.swift */; };
		EC0650CC23B68B2F00319F64 /* MediaContentViewModelType.swift in Sources */ = {isa = PBXBuildFile; fileRef = EC0650CB23B68B2F00319F64 /* MediaContentViewModelType.swift */; };
		EC0650CE23B68BEB00319F64 /* UICollectionView+default.swift in Sources */ = {isa = PBXBuildFile; fileRef = EC0650CD23B68BEB00319F64 /* UICollectionView+default.swift */; };
		EC0650D023B68D4500319F64 /* MediaContentFactory.swift in Sources */ = {isa = PBXBuildFile; fileRef = EC0650CF23B68D4500319F64 /* MediaContentFactory.swift */; };
		EC0650D423B68EE300319F64 /* MediaDetailCell.swift in Sources */ = {isa = PBXBuildFile; fileRef = EC0650D223B68EE300319F64 /* MediaDetailCell.swift */; };
		EC0650D523B68EE300319F64 /* MediaDetailCell.xib in Resources */ = {isa = PBXBuildFile; fileRef = EC0650D323B68EE300319F64 /* MediaDetailCell.xib */; };
		EC0650D723B6905500319F64 /* MediaDetailCellViewModelType.swift in Sources */ = {isa = PBXBuildFile; fileRef = EC0650D623B6905500319F64 /* MediaDetailCellViewModelType.swift */; };
		EC0650D923B6990B00319F64 /* ContentDetailSectionController.swift in Sources */ = {isa = PBXBuildFile; fileRef = EC0650D823B6990B00319F64 /* ContentDetailSectionController.swift */; };
		EC0650DD23B69B9800319F64 /* TextBasedCell.swift in Sources */ = {isa = PBXBuildFile; fileRef = EC0650DC23B69B9800319F64 /* TextBasedCell.swift */; };
		EC0650DF23B69D2100319F64 /* TextSize.swift in Sources */ = {isa = PBXBuildFile; fileRef = EC0650DE23B69D2100319F64 /* TextSize.swift */; };
		EC0650E623B6B6C200319F64 /* UIView+pintToEdges.swift in Sources */ = {isa = PBXBuildFile; fileRef = EC0650E523B6B6C200319F64 /* UIView+pintToEdges.swift */; };
		EC2DF62F23B5DF81007DB07E /* SkeletonCellViewModelType.swift in Sources */ = {isa = PBXBuildFile; fileRef = EC2DF62E23B5DF81007DB07E /* SkeletonCellViewModelType.swift */; };
		EC2DF63123B5E2BB007DB07E /* KindType.swift in Sources */ = {isa = PBXBuildFile; fileRef = EC2DF63023B5E2BB007DB07E /* KindType.swift */; };
		EC2DF63323B5E759007DB07E /* Sequence+grouping.swift in Sources */ = {isa = PBXBuildFile; fileRef = EC2DF63223B5E759007DB07E /* Sequence+grouping.swift */; };
		EC2DF63523B5EBAB007DB07E /* MediaSectionViewModel.swift in Sources */ = {isa = PBXBuildFile; fileRef = EC2DF63423B5EBAB007DB07E /* MediaSectionViewModel.swift */; };
		EC2DF63923B5EDB5007DB07E /* LoadingCellViewModelType.swift in Sources */ = {isa = PBXBuildFile; fileRef = EC2DF63823B5EDB5007DB07E /* LoadingCellViewModelType.swift */; };
		EC2DF63B23B5F5AB007DB07E /* FeedHeaderViewModel.swift in Sources */ = {isa = PBXBuildFile; fileRef = EC2DF63A23B5F5AB007DB07E /* FeedHeaderViewModel.swift */; };
		EC2DF63D23B6353F007DB07E /* MediaFeedViewControllerDelegate.swift in Sources */ = {isa = PBXBuildFile; fileRef = EC2DF63C23B6353F007DB07E /* MediaFeedViewControllerDelegate.swift */; };
		EC2DF63F23B63780007DB07E /* ListSectionDataSource.swift in Sources */ = {isa = PBXBuildFile; fileRef = EC2DF63E23B63780007DB07E /* ListSectionDataSource.swift */; };
		EC2DF64223B63817007DB07E /* FeedHeaderSectionController.swift in Sources */ = {isa = PBXBuildFile; fileRef = EC2DF64123B63817007DB07E /* FeedHeaderSectionController.swift */; };
		EC2DF64623B63876007DB07E /* EmptyHeaderView.swift in Sources */ = {isa = PBXBuildFile; fileRef = EC2DF64523B63876007DB07E /* EmptyHeaderView.swift */; };
		EC2DF64823B638D2007DB07E /* FeedHeaderReusableView.swift in Sources */ = {isa = PBXBuildFile; fileRef = EC2DF64723B638D2007DB07E /* FeedHeaderReusableView.swift */; };
		EC2DF64C23B638FC007DB07E /* FeedHeaderView.swift in Sources */ = {isa = PBXBuildFile; fileRef = EC2DF64B23B638FC007DB07E /* FeedHeaderView.swift */; };
		EC2DF64E23B63903007DB07E /* FeedHeaderView.xib in Resources */ = {isa = PBXBuildFile; fileRef = EC2DF64D23B63903007DB07E /* FeedHeaderView.xib */; };
		EC2DF65023B63B6E007DB07E /* NSMutableAttributedString+helpers.swift in Sources */ = {isa = PBXBuildFile; fileRef = EC2DF64F23B63B6E007DB07E /* NSMutableAttributedString+helpers.swift */; };
		EC2DF65223B63F8E007DB07E /* UIResponder+actions.swift in Sources */ = {isa = PBXBuildFile; fileRef = EC2DF65123B63F8E007DB07E /* UIResponder+actions.swift */; };
		EC2FBF2423B6CE580015AF68 /* Date+formatters.swift in Sources */ = {isa = PBXBuildFile; fileRef = EC2FBF2323B6CE580015AF68 /* Date+formatters.swift */; };
		EC2FBF2623B6D3EF0015AF68 /* MediaFeedViewModel.swift in Sources */ = {isa = PBXBuildFile; fileRef = EC2FBF2523B6D3EF0015AF68 /* MediaFeedViewModel.swift */; };
		EC2FBF2823B6D5FB0015AF68 /* MediaCellViewModel.swift in Sources */ = {isa = PBXBuildFile; fileRef = EC2FBF2723B6D5FB0015AF68 /* MediaCellViewModel.swift */; };
		EC2FBF2A23B6D6E20015AF68 /* MediaDetailCellViewModel.swift in Sources */ = {isa = PBXBuildFile; fileRef = EC2FBF2923B6D6E20015AF68 /* MediaDetailCellViewModel.swift */; };
		EC2FBF2E23B6D8170015AF68 /* TextBasedCellViewModelType.swift in Sources */ = {isa = PBXBuildFile; fileRef = EC2FBF2D23B6D8170015AF68 /* TextBasedCellViewModelType.swift */; };
		EC2FBF3023B6D82C0015AF68 /* TextBasedCellViewModel.swift in Sources */ = {isa = PBXBuildFile; fileRef = EC2FBF2F23B6D82C0015AF68 /* TextBasedCellViewModel.swift */; };
		EC2FBF3223B6DA130015AF68 /* SkeletonCellViewModel.swift in Sources */ = {isa = PBXBuildFile; fileRef = EC2FBF3123B6DA130015AF68 /* SkeletonCellViewModel.swift */; };
		EC2FBF3423B6DA5A0015AF68 /* LoadingCellViewModel.swift in Sources */ = {isa = PBXBuildFile; fileRef = EC2FBF3323B6DA5A0015AF68 /* LoadingCellViewModel.swift */; };
		EC2FBF3623B6DB7D0015AF68 /* EmptyStateViewModel.swift in Sources */ = {isa = PBXBuildFile; fileRef = EC2FBF3523B6DB7D0015AF68 /* EmptyStateViewModel.swift */; };
		EC99D4DD23BB9245005B9697 /* IGListKit.framework in Frameworks */ = {isa = PBXBuildFile; fileRef = EC99D4DC23BB9245005B9697 /* IGListKit.framework */; };
		EC99D4DE23BB9245005B9697 /* IGListKit.framework in Embed Frameworks */ = {isa = PBXBuildFile; fileRef = EC99D4DC23BB9245005B9697 /* IGListKit.framework */; settings = {ATTRIBUTES = (CodeSignOnCopy, RemoveHeadersOnCopy, ); }; };
		ECCCD11923B579BD0047F1F6 /* AppDelegate.swift in Sources */ = {isa = PBXBuildFile; fileRef = ECCCD11823B579BD0047F1F6 /* AppDelegate.swift */; };
		ECCCD12223B579BF0047F1F6 /* Base.xcassets in Resources */ = {isa = PBXBuildFile; fileRef = ECCCD12123B579BF0047F1F6 /* Base.xcassets */; };
		ECCCD12523B579BF0047F1F6 /* LaunchScreen.storyboard in Resources */ = {isa = PBXBuildFile; fileRef = ECCCD12323B579BF0047F1F6 /* LaunchScreen.storyboard */; };
		ECCCD13023B579BF0047F1F6 /* ItunesMediaTests.swift in Sources */ = {isa = PBXBuildFile; fileRef = ECCCD12F23B579BF0047F1F6 /* ItunesMediaTests.swift */; };
		ECCCD14B23B57B8E0047F1F6 /* K.swift in Sources */ = {isa = PBXBuildFile; fileRef = ECCCD14A23B57B8E0047F1F6 /* K.swift */; };
		ECCCD15523B57C9D0047F1F6 /* Colors.xcassets in Resources */ = {isa = PBXBuildFile; fileRef = ECCCD15423B57C9D0047F1F6 /* Colors.xcassets */; };
		ECCCD15723B57CAF0047F1F6 /* Icons.xcassets in Resources */ = {isa = PBXBuildFile; fileRef = ECCCD15623B57CAF0047F1F6 /* Icons.xcassets */; };
		ECCCD15B23B57D530047F1F6 /* Localizable.strings in Resources */ = {isa = PBXBuildFile; fileRef = ECCCD15D23B57D530047F1F6 /* Localizable.strings */; };
		ECCCD16123B57FB80047F1F6 /* Swinject.framework in Frameworks */ = {isa = PBXBuildFile; fileRef = ECCCD16023B57FB80047F1F6 /* Swinject.framework */; };
		ECCCD16223B57FB80047F1F6 /* Swinject.framework in Embed Frameworks */ = {isa = PBXBuildFile; fileRef = ECCCD16023B57FB80047F1F6 /* Swinject.framework */; settings = {ATTRIBUTES = (CodeSignOnCopy, RemoveHeadersOnCopy, ); }; };
		ECCCD16923B584C50047F1F6 /* Injector.swift in Sources */ = {isa = PBXBuildFile; fileRef = ECCCD16823B584C50047F1F6 /* Injector.swift */; };
		ECCCD16B23B585070047F1F6 /* UseCaseAssembly.swift in Sources */ = {isa = PBXBuildFile; fileRef = ECCCD16A23B585070047F1F6 /* UseCaseAssembly.swift */; };
		ECCCD16D23B585190047F1F6 /* RepositoryAssembly.swift in Sources */ = {isa = PBXBuildFile; fileRef = ECCCD16C23B585190047F1F6 /* RepositoryAssembly.swift */; };
		ECCCD16F23B585570047F1F6 /* ViewModelAssembly.swift in Sources */ = {isa = PBXBuildFile; fileRef = ECCCD16E23B585570047F1F6 /* ViewModelAssembly.swift */; };
		ECCCD17123B5856B0047F1F6 /* ViewControllerAssembly.swift in Sources */ = {isa = PBXBuildFile; fileRef = ECCCD17023B5856B0047F1F6 /* ViewControllerAssembly.swift */; };
		ECCCD17323B586090047F1F6 /* CoordinatorAssembly.swift in Sources */ = {isa = PBXBuildFile; fileRef = ECCCD17223B586090047F1F6 /* CoordinatorAssembly.swift */; };
		ECCCD17523B587800047F1F6 /* TvShowModel.swift in Sources */ = {isa = PBXBuildFile; fileRef = ECCCD17423B587800047F1F6 /* TvShowModel.swift */; };
		ECCCD17723B587A40047F1F6 /* Media.swift in Sources */ = {isa = PBXBuildFile; fileRef = ECCCD17623B587A40047F1F6 /* Media.swift */; };
		ECCCD17923B5885E0047F1F6 /* SongModel.swift in Sources */ = {isa = PBXBuildFile; fileRef = ECCCD17823B5885E0047F1F6 /* SongModel.swift */; };
		ECCCD17B23B588B40047F1F6 /* MovieModel.swift in Sources */ = {isa = PBXBuildFile; fileRef = ECCCD17A23B588B40047F1F6 /* MovieModel.swift */; };
		ECCCD17D23B589EC0047F1F6 /* PodcastModel.swift in Sources */ = {isa = PBXBuildFile; fileRef = ECCCD17C23B589EC0047F1F6 /* PodcastModel.swift */; };
		ECCCD17F23B58A9B0047F1F6 /* EbookModel.swift in Sources */ = {isa = PBXBuildFile; fileRef = ECCCD17E23B58A9B0047F1F6 /* EbookModel.swift */; };
		ECCCD18323B594AF0047F1F6 /* MediaType.swift in Sources */ = {isa = PBXBuildFile; fileRef = ECCCD18223B594AF0047F1F6 /* MediaType.swift */; };
		ECCCD18523B59C930047F1F6 /* MediaProvider.swift in Sources */ = {isa = PBXBuildFile; fileRef = ECCCD18423B59C930047F1F6 /* MediaProvider.swift */; };
		ECCCD18723B59F5E0047F1F6 /* FullMediaModel.swift in Sources */ = {isa = PBXBuildFile; fileRef = ECCCD18623B59F5E0047F1F6 /* FullMediaModel.swift */; };
		ECCCD18923B5A18F0047F1F6 /* SearchRequestModel.swift in Sources */ = {isa = PBXBuildFile; fileRef = ECCCD18823B5A18F0047F1F6 /* SearchRequestModel.swift */; };
		ECCCD18E23B5A4880047F1F6 /* R.swift in Sources */ = {isa = PBXBuildFile; fileRef = ECCCD18C23B5A4880047F1F6 /* R.swift */; };
		ECCCD18F23B5A4880047F1F6 /* L10n.swift in Sources */ = {isa = PBXBuildFile; fileRef = ECCCD18D23B5A4880047F1F6 /* L10n.swift */; };
		ECCCD19123B5A55E0047F1F6 /* Alamofire.framework in Frameworks */ = {isa = PBXBuildFile; fileRef = ECCCD19023B5A55E0047F1F6 /* Alamofire.framework */; };
		ECCCD19223B5A55E0047F1F6 /* Alamofire.framework in Embed Frameworks */ = {isa = PBXBuildFile; fileRef = ECCCD19023B5A55E0047F1F6 /* Alamofire.framework */; settings = {ATTRIBUTES = (CodeSignOnCopy, RemoveHeadersOnCopy, ); }; };
		ECCCD19423B5A5620047F1F6 /* Moya.framework in Frameworks */ = {isa = PBXBuildFile; fileRef = ECCCD19323B5A5620047F1F6 /* Moya.framework */; };
		ECCCD19523B5A5620047F1F6 /* Moya.framework in Embed Frameworks */ = {isa = PBXBuildFile; fileRef = ECCCD19323B5A5620047F1F6 /* Moya.framework */; settings = {ATTRIBUTES = (CodeSignOnCopy, RemoveHeadersOnCopy, ); }; };
		ECCCD19723B5A5660047F1F6 /* Nuke.framework in Frameworks */ = {isa = PBXBuildFile; fileRef = ECCCD19623B5A5660047F1F6 /* Nuke.framework */; };
		ECCCD19823B5A5660047F1F6 /* Nuke.framework in Embed Frameworks */ = {isa = PBXBuildFile; fileRef = ECCCD19623B5A5660047F1F6 /* Nuke.framework */; settings = {ATTRIBUTES = (CodeSignOnCopy, RemoveHeadersOnCopy, ); }; };
		ECCCD19A23B5A56A0047F1F6 /* Result.framework in Frameworks */ = {isa = PBXBuildFile; fileRef = ECCCD19923B5A56A0047F1F6 /* Result.framework */; };
		ECCCD19B23B5A56A0047F1F6 /* Result.framework in Embed Frameworks */ = {isa = PBXBuildFile; fileRef = ECCCD19923B5A56A0047F1F6 /* Result.framework */; settings = {ATTRIBUTES = (CodeSignOnCopy, RemoveHeadersOnCopy, ); }; };
		ECCCD19D23B5A5710047F1F6 /* RxCocoa.framework in Frameworks */ = {isa = PBXBuildFile; fileRef = ECCCD19C23B5A5710047F1F6 /* RxCocoa.framework */; };
		ECCCD19E23B5A5710047F1F6 /* RxCocoa.framework in Embed Frameworks */ = {isa = PBXBuildFile; fileRef = ECCCD19C23B5A5710047F1F6 /* RxCocoa.framework */; settings = {ATTRIBUTES = (CodeSignOnCopy, RemoveHeadersOnCopy, ); }; };
		ECCCD1A323B5A58D0047F1F6 /* RxMoya.framework in Frameworks */ = {isa = PBXBuildFile; fileRef = ECCCD1A223B5A58D0047F1F6 /* RxMoya.framework */; };
		ECCCD1A423B5A58D0047F1F6 /* RxMoya.framework in Embed Frameworks */ = {isa = PBXBuildFile; fileRef = ECCCD1A223B5A58D0047F1F6 /* RxMoya.framework */; settings = {ATTRIBUTES = (CodeSignOnCopy, RemoveHeadersOnCopy, ); }; };
		ECCCD1A623B5A5920047F1F6 /* RxSwift.framework in Frameworks */ = {isa = PBXBuildFile; fileRef = ECCCD1A523B5A5920047F1F6 /* RxSwift.framework */; };
		ECCCD1A723B5A5920047F1F6 /* RxSwift.framework in Embed Frameworks */ = {isa = PBXBuildFile; fileRef = ECCCD1A523B5A5920047F1F6 /* RxSwift.framework */; settings = {ATTRIBUTES = (CodeSignOnCopy, RemoveHeadersOnCopy, ); }; };
		ECCCD1A823B5A5B80047F1F6 /* RxRelay.framework in Frameworks */ = {isa = PBXBuildFile; fileRef = ECCCD19F23B5A5770047F1F6 /* RxRelay.framework */; };
		ECCCD1A923B5A5B80047F1F6 /* RxRelay.framework in Embed Frameworks */ = {isa = PBXBuildFile; fileRef = ECCCD19F23B5A5770047F1F6 /* RxRelay.framework */; settings = {ATTRIBUTES = (CodeSignOnCopy, RemoveHeadersOnCopy, ); }; };
		ECCCD1AB23B5A6D80047F1F6 /* Coordinator.swift in Sources */ = {isa = PBXBuildFile; fileRef = ECCCD1AA23B5A6D80047F1F6 /* Coordinator.swift */; };
		ECCCD1AD23B5A6F70047F1F6 /* ApplicationCoordinator.swift in Sources */ = {isa = PBXBuildFile; fileRef = ECCCD1AC23B5A6F70047F1F6 /* ApplicationCoordinator.swift */; };
		ECCCD1AF23B5A7920047F1F6 /* MediaFeedCoordinator.swift in Sources */ = {isa = PBXBuildFile; fileRef = ECCCD1AE23B5A7920047F1F6 /* MediaFeedCoordinator.swift */; };
		ECCCD1B223B5A7C10047F1F6 /* MediaFeedViewController.swift in Sources */ = {isa = PBXBuildFile; fileRef = ECCCD1B123B5A7C10047F1F6 /* MediaFeedViewController.swift */; };
		ECCCD1B523B5ABF10047F1F6 /* PaginationStrategy.swift in Sources */ = {isa = PBXBuildFile; fileRef = ECCCD1B423B5ABF10047F1F6 /* PaginationStrategy.swift */; };
		ECCCD1B923B5AE7C0047F1F6 /* PaginatedRequestModel.swift in Sources */ = {isa = PBXBuildFile; fileRef = ECCCD1B823B5AE7C0047F1F6 /* PaginatedRequestModel.swift */; };
		ECCCD1BB23B5AF7C0047F1F6 /* Commons.swift in Sources */ = {isa = PBXBuildFile; fileRef = ECCCD1BA23B5AF7C0047F1F6 /* Commons.swift */; };
		ECCCD1BD23B5AF940047F1F6 /* ViewModelBindable.swift in Sources */ = {isa = PBXBuildFile; fileRef = ECCCD1BC23B5AF940047F1F6 /* ViewModelBindable.swift */; };
		ECCCD1BF23B5B5100047F1F6 /* MediaFeedViewModelType.swift in Sources */ = {isa = PBXBuildFile; fileRef = ECCCD1BE23B5B5100047F1F6 /* MediaFeedViewModelType.swift */; };
		ECCCD1C123B5B6D90047F1F6 /* ResponseModel.swift in Sources */ = {isa = PBXBuildFile; fileRef = ECCCD1C023B5B6D90047F1F6 /* ResponseModel.swift */; };
		ECCCD1C323B5B7340047F1F6 /* Model.swift in Sources */ = {isa = PBXBuildFile; fileRef = ECCCD1C223B5B7340047F1F6 /* Model.swift */; };
		ECCCD1C523B5BC8D0047F1F6 /* Reusable.framework in Frameworks */ = {isa = PBXBuildFile; fileRef = ECCCD1C423B5BC8D0047F1F6 /* Reusable.framework */; };
		ECCCD1C623B5BC8D0047F1F6 /* Reusable.framework in Embed Frameworks */ = {isa = PBXBuildFile; fileRef = ECCCD1C423B5BC8D0047F1F6 /* Reusable.framework */; settings = {ATTRIBUTES = (CodeSignOnCopy, RemoveHeadersOnCopy, ); }; };
		ECCCD1C823B5BE600047F1F6 /* FeedMediaFactory.swift in Sources */ = {isa = PBXBuildFile; fileRef = ECCCD1C723B5BE600047F1F6 /* FeedMediaFactory.swift */; };
		ECCCD1CB23B5C0600047F1F6 /* MediaRepository.swift in Sources */ = {isa = PBXBuildFile; fileRef = ECCCD1CA23B5C0600047F1F6 /* MediaRepository.swift */; };
		ECCCD1CD23B5C1390047F1F6 /* IGListDiffKit.framework in Frameworks */ = {isa = PBXBuildFile; fileRef = ECCCD1CC23B5C1390047F1F6 /* IGListDiffKit.framework */; };
		ECCCD1CE23B5C1390047F1F6 /* IGListDiffKit.framework in Embed Frameworks */ = {isa = PBXBuildFile; fileRef = ECCCD1CC23B5C1390047F1F6 /* IGListDiffKit.framework */; settings = {ATTRIBUTES = (CodeSignOnCopy, RemoveHeadersOnCopy, ); }; };
		ECCCD1D023B5C13E0047F1F6 /* SkeletonView.framework in Frameworks */ = {isa = PBXBuildFile; fileRef = ECCCD1CF23B5C13E0047F1F6 /* SkeletonView.framework */; };
		ECCCD1D123B5C13E0047F1F6 /* SkeletonView.framework in Embed Frameworks */ = {isa = PBXBuildFile; fileRef = ECCCD1CF23B5C13E0047F1F6 /* SkeletonView.framework */; settings = {ATTRIBUTES = (CodeSignOnCopy, RemoveHeadersOnCopy, ); }; };
		ECCCD1D423B5C6B00047F1F6 /* SearchMediaUseCase.swift in Sources */ = {isa = PBXBuildFile; fileRef = ECCCD1D323B5C6B00047F1F6 /* SearchMediaUseCase.swift */; };
		ECCCD1D723B5C85F0047F1F6 /* LimitOffsetBasedAdapter.swift in Sources */ = {isa = PBXBuildFile; fileRef = ECCCD1D623B5C85F0047F1F6 /* LimitOffsetBasedAdapter.swift */; };
		ECCCD1D923B5C8E80047F1F6 /* LimitOffsetCalculatorService.swift in Sources */ = {isa = PBXBuildFile; fileRef = ECCCD1D823B5C8E80047F1F6 /* LimitOffsetCalculatorService.swift */; };
		ECEC0B6A23B6415F00D71F54 /* EmptyCell.swift in Sources */ = {isa = PBXBuildFile; fileRef = ECEC0B6923B6415F00D71F54 /* EmptyCell.swift */; };
		ECEC0B7023B6429A00D71F54 /* SectionTitleHeaderView.swift in Sources */ = {isa = PBXBuildFile; fileRef = ECEC0B6E23B6429A00D71F54 /* SectionTitleHeaderView.swift */; };
		ECEC0B7123B6429A00D71F54 /* SectionTitleHeaderView.xib in Resources */ = {isa = PBXBuildFile; fileRef = ECEC0B6F23B6429A00D71F54 /* SectionTitleHeaderView.xib */; };
		ECEC0B7323B6453D00D71F54 /* SectionedMediaSectionController.swift in Sources */ = {isa = PBXBuildFile; fileRef = ECEC0B7223B6453D00D71F54 /* SectionedMediaSectionController.swift */; };
		ECEC0B7523B6490000D71F54 /* MediaSectionController.swift in Sources */ = {isa = PBXBuildFile; fileRef = ECEC0B7423B6490000D71F54 /* MediaSectionController.swift */; };
		ECEC0B7923B64AE500D71F54 /* MediaCell.swift in Sources */ = {isa = PBXBuildFile; fileRef = ECEC0B7723B64AE500D71F54 /* MediaCell.swift */; };
		ECEC0B7A23B64AE500D71F54 /* MediaCell.xib in Resources */ = {isa = PBXBuildFile; fileRef = ECEC0B7823B64AE500D71F54 /* MediaCell.xib */; };
		ECEC0B7D23B64D9000D71F54 /* MediaCellViewModelType.swift in Sources */ = {isa = PBXBuildFile; fileRef = ECEC0B7C23B64D9000D71F54 /* MediaCellViewModelType.swift */; };
		ECEC0B8023B6512800D71F54 /* UtilsAssembly.swift in Sources */ = {isa = PBXBuildFile; fileRef = ECEC0B7F23B6512800D71F54 /* UtilsAssembly.swift */; };
		ECEC0B8223B651BC00D71F54 /* ServiceAssembly.swift in Sources */ = {isa = PBXBuildFile; fileRef = ECEC0B8123B651BC00D71F54 /* ServiceAssembly.swift */; };
		ECEC0B8523B6532100D71F54 /* FactoryAssembly.swift in Sources */ = {isa = PBXBuildFile; fileRef = ECEC0B8423B6532100D71F54 /* FactoryAssembly.swift */; };
		ECFC55EF23B5CD1E00ECC0FD /* WebBasedMediaRepository.swift in Sources */ = {isa = PBXBuildFile; fileRef = ECFC55EE23B5CD1E00ECC0FD /* WebBasedMediaRepository.swift */; };
		ECFC55F123B5CEC300ECC0FD /* SearchMediaUseCaseType.swift in Sources */ = {isa = PBXBuildFile; fileRef = ECFC55F023B5CEC300ECC0FD /* SearchMediaUseCaseType.swift */; };
		ECFC55F323B5CFE400ECC0FD /* RestPaginationStrategy.swift in Sources */ = {isa = PBXBuildFile; fileRef = ECFC55F223B5CFE400ECC0FD /* RestPaginationStrategy.swift */; };
/* End PBXBuildFile section */

/* Begin PBXContainerItemProxy section */
		ECCCD12C23B579BF0047F1F6 /* PBXContainerItemProxy */ = {
			isa = PBXContainerItemProxy;
			containerPortal = ECCCD10D23B579BD0047F1F6 /* Project object */;
			proxyType = 1;
			remoteGlobalIDString = ECCCD11423B579BD0047F1F6;
			remoteInfo = ItunesMedia;
		};
/* End PBXContainerItemProxy section */

/* Begin PBXCopyFilesBuildPhase section */
		ECCCD16323B57FB80047F1F6 /* Embed Frameworks */ = {
			isa = PBXCopyFilesBuildPhase;
			buildActionMask = 2147483647;
			dstPath = "";
			dstSubfolderSpec = 10;
			files = (
				ECCCD1CE23B5C1390047F1F6 /* IGListDiffKit.framework in Embed Frameworks */,
				EC99D4DE23BB9245005B9697 /* IGListKit.framework in Embed Frameworks */,
				ECCCD19E23B5A5710047F1F6 /* RxCocoa.framework in Embed Frameworks */,
				ECCCD1D123B5C13E0047F1F6 /* SkeletonView.framework in Embed Frameworks */,
				ECCCD16223B57FB80047F1F6 /* Swinject.framework in Embed Frameworks */,
				ECCCD1A923B5A5B80047F1F6 /* RxRelay.framework in Embed Frameworks */,
				ECCCD19823B5A5660047F1F6 /* Nuke.framework in Embed Frameworks */,
				ECCCD19B23B5A56A0047F1F6 /* Result.framework in Embed Frameworks */,
				ECCCD1A723B5A5920047F1F6 /* RxSwift.framework in Embed Frameworks */,
				ECCCD19523B5A5620047F1F6 /* Moya.framework in Embed Frameworks */,
				ECCCD1A423B5A58D0047F1F6 /* RxMoya.framework in Embed Frameworks */,
				ECCCD19223B5A55E0047F1F6 /* Alamofire.framework in Embed Frameworks */,
				ECCCD1C623B5BC8D0047F1F6 /* Reusable.framework in Embed Frameworks */,
			);
			name = "Embed Frameworks";
			runOnlyForDeploymentPostprocessing = 0;
		};
/* End PBXCopyFilesBuildPhase section */

/* Begin PBXFileReference section */
		EC0650B223B669F900319F64 /* UIViewController+keyboardHandling.swift */ = {isa = PBXFileReference; lastKnownFileType = sourcecode.swift; path = "UIViewController+keyboardHandling.swift"; sourceTree = "<group>"; };
		EC0650B423B66FE200319F64 /* EmptyStateViewModelType.swift */ = {isa = PBXFileReference; lastKnownFileType = sourcecode.swift; path = EmptyStateViewModelType.swift; sourceTree = "<group>"; };
		EC0650B923B670E900319F64 /* EmptyStateCell.swift */ = {isa = PBXFileReference; lastKnownFileType = sourcecode.swift; path = EmptyStateCell.swift; sourceTree = "<group>"; };
		EC0650BA23B670E900319F64 /* EmptyStateCell.xib */ = {isa = PBXFileReference; lastKnownFileType = file.xib; path = EmptyStateCell.xib; sourceTree = "<group>"; };
		EC0650BD23B6728200319F64 /* EmptyStateSectionController.swift */ = {isa = PBXFileReference; lastKnownFileType = sourcecode.swift; path = EmptyStateSectionController.swift; sourceTree = "<group>"; };
		EC0650BF23B677A900319F64 /* LoadingCell.swift */ = {isa = PBXFileReference; lastKnownFileType = sourcecode.swift; path = LoadingCell.swift; sourceTree = "<group>"; };
		EC0650C123B6788B00319F64 /* ScrollView+LoadMore.swift */ = {isa = PBXFileReference; lastKnownFileType = sourcecode.swift; path = "ScrollView+LoadMore.swift"; sourceTree = "<group>"; };
		EC0650C323B67E4E00319F64 /* LoadingSectionController.swift */ = {isa = PBXFileReference; lastKnownFileType = sourcecode.swift; path = LoadingSectionController.swift; sourceTree = "<group>"; };
		EC0650C623B68A8700319F64 /* MediaContentViewController.swift */ = {isa = PBXFileReference; lastKnownFileType = sourcecode.swift; path = MediaContentViewController.swift; sourceTree = "<group>"; };
		EC0650C923B68B0900319F64 /* MediaContentViewModel.swift */ = {isa = PBXFileReference; lastKnownFileType = sourcecode.swift; path = MediaContentViewModel.swift; sourceTree = "<group>"; };
		EC0650CB23B68B2F00319F64 /* MediaContentViewModelType.swift */ = {isa = PBXFileReference; lastKnownFileType = sourcecode.swift; path = MediaContentViewModelType.swift; sourceTree = "<group>"; };
		EC0650CD23B68BEB00319F64 /* UICollectionView+default.swift */ = {isa = PBXFileReference; lastKnownFileType = sourcecode.swift; path = "UICollectionView+default.swift"; sourceTree = "<group>"; };
		EC0650CF23B68D4500319F64 /* MediaContentFactory.swift */ = {isa = PBXFileReference; lastKnownFileType = sourcecode.swift; path = MediaContentFactory.swift; sourceTree = "<group>"; };
		EC0650D223B68EE300319F64 /* MediaDetailCell.swift */ = {isa = PBXFileReference; lastKnownFileType = sourcecode.swift; path = MediaDetailCell.swift; sourceTree = "<group>"; };
		EC0650D323B68EE300319F64 /* MediaDetailCell.xib */ = {isa = PBXFileReference; lastKnownFileType = file.xib; path = MediaDetailCell.xib; sourceTree = "<group>"; };
		EC0650D623B6905500319F64 /* MediaDetailCellViewModelType.swift */ = {isa = PBXFileReference; lastKnownFileType = sourcecode.swift; path = MediaDetailCellViewModelType.swift; sourceTree = "<group>"; };
		EC0650D823B6990B00319F64 /* ContentDetailSectionController.swift */ = {isa = PBXFileReference; lastKnownFileType = sourcecode.swift; path = ContentDetailSectionController.swift; sourceTree = "<group>"; };
		EC0650DC23B69B9800319F64 /* TextBasedCell.swift */ = {isa = PBXFileReference; lastKnownFileType = sourcecode.swift; path = TextBasedCell.swift; sourceTree = "<group>"; };
		EC0650DE23B69D2100319F64 /* TextSize.swift */ = {isa = PBXFileReference; lastKnownFileType = sourcecode.swift; path = TextSize.swift; sourceTree = "<group>"; };
		EC0650E523B6B6C200319F64 /* UIView+pintToEdges.swift */ = {isa = PBXFileReference; lastKnownFileType = sourcecode.swift; path = "UIView+pintToEdges.swift"; sourceTree = "<group>"; };
		EC2DF62E23B5DF81007DB07E /* SkeletonCellViewModelType.swift */ = {isa = PBXFileReference; lastKnownFileType = sourcecode.swift; path = SkeletonCellViewModelType.swift; sourceTree = "<group>"; };
		EC2DF63023B5E2BB007DB07E /* KindType.swift */ = {isa = PBXFileReference; lastKnownFileType = sourcecode.swift; path = KindType.swift; sourceTree = "<group>"; };
		EC2DF63223B5E759007DB07E /* Sequence+grouping.swift */ = {isa = PBXFileReference; lastKnownFileType = sourcecode.swift; path = "Sequence+grouping.swift"; sourceTree = "<group>"; };
		EC2DF63423B5EBAB007DB07E /* MediaSectionViewModel.swift */ = {isa = PBXFileReference; lastKnownFileType = sourcecode.swift; path = MediaSectionViewModel.swift; sourceTree = "<group>"; };
		EC2DF63823B5EDB5007DB07E /* LoadingCellViewModelType.swift */ = {isa = PBXFileReference; lastKnownFileType = sourcecode.swift; path = LoadingCellViewModelType.swift; sourceTree = "<group>"; };
		EC2DF63A23B5F5AB007DB07E /* FeedHeaderViewModel.swift */ = {isa = PBXFileReference; lastKnownFileType = sourcecode.swift; path = FeedHeaderViewModel.swift; sourceTree = "<group>"; };
		EC2DF63C23B6353F007DB07E /* MediaFeedViewControllerDelegate.swift */ = {isa = PBXFileReference; lastKnownFileType = sourcecode.swift; path = MediaFeedViewControllerDelegate.swift; sourceTree = "<group>"; };
		EC2DF63E23B63780007DB07E /* ListSectionDataSource.swift */ = {isa = PBXFileReference; lastKnownFileType = sourcecode.swift; path = ListSectionDataSource.swift; sourceTree = "<group>"; };
		EC2DF64123B63817007DB07E /* FeedHeaderSectionController.swift */ = {isa = PBXFileReference; lastKnownFileType = sourcecode.swift; path = FeedHeaderSectionController.swift; sourceTree = "<group>"; };
		EC2DF64523B63876007DB07E /* EmptyHeaderView.swift */ = {isa = PBXFileReference; lastKnownFileType = sourcecode.swift; path = EmptyHeaderView.swift; sourceTree = "<group>"; };
		EC2DF64723B638D2007DB07E /* FeedHeaderReusableView.swift */ = {isa = PBXFileReference; lastKnownFileType = sourcecode.swift; path = FeedHeaderReusableView.swift; sourceTree = "<group>"; };
		EC2DF64B23B638FC007DB07E /* FeedHeaderView.swift */ = {isa = PBXFileReference; lastKnownFileType = sourcecode.swift; path = FeedHeaderView.swift; sourceTree = "<group>"; };
		EC2DF64D23B63903007DB07E /* FeedHeaderView.xib */ = {isa = PBXFileReference; lastKnownFileType = file.xib; path = FeedHeaderView.xib; sourceTree = "<group>"; };
		EC2DF64F23B63B6E007DB07E /* NSMutableAttributedString+helpers.swift */ = {isa = PBXFileReference; lastKnownFileType = sourcecode.swift; path = "NSMutableAttributedString+helpers.swift"; sourceTree = "<group>"; };
		EC2DF65123B63F8E007DB07E /* UIResponder+actions.swift */ = {isa = PBXFileReference; lastKnownFileType = sourcecode.swift; path = "UIResponder+actions.swift"; sourceTree = "<group>"; };
		EC2FBF2323B6CE580015AF68 /* Date+formatters.swift */ = {isa = PBXFileReference; lastKnownFileType = sourcecode.swift; path = "Date+formatters.swift"; sourceTree = "<group>"; };
		EC2FBF2523B6D3EF0015AF68 /* MediaFeedViewModel.swift */ = {isa = PBXFileReference; lastKnownFileType = sourcecode.swift; path = MediaFeedViewModel.swift; sourceTree = "<group>"; };
		EC2FBF2723B6D5FB0015AF68 /* MediaCellViewModel.swift */ = {isa = PBXFileReference; lastKnownFileType = sourcecode.swift; path = MediaCellViewModel.swift; sourceTree = "<group>"; };
		EC2FBF2923B6D6E20015AF68 /* MediaDetailCellViewModel.swift */ = {isa = PBXFileReference; lastKnownFileType = sourcecode.swift; path = MediaDetailCellViewModel.swift; sourceTree = "<group>"; };
		EC2FBF2D23B6D8170015AF68 /* TextBasedCellViewModelType.swift */ = {isa = PBXFileReference; fileEncoding = 4; lastKnownFileType = sourcecode.swift; path = TextBasedCellViewModelType.swift; sourceTree = "<group>"; };
		EC2FBF2F23B6D82C0015AF68 /* TextBasedCellViewModel.swift */ = {isa = PBXFileReference; lastKnownFileType = sourcecode.swift; path = TextBasedCellViewModel.swift; sourceTree = "<group>"; };
		EC2FBF3123B6DA130015AF68 /* SkeletonCellViewModel.swift */ = {isa = PBXFileReference; lastKnownFileType = sourcecode.swift; path = SkeletonCellViewModel.swift; sourceTree = "<group>"; };
		EC2FBF3323B6DA5A0015AF68 /* LoadingCellViewModel.swift */ = {isa = PBXFileReference; lastKnownFileType = sourcecode.swift; path = LoadingCellViewModel.swift; sourceTree = "<group>"; };
		EC2FBF3523B6DB7D0015AF68 /* EmptyStateViewModel.swift */ = {isa = PBXFileReference; lastKnownFileType = sourcecode.swift; path = EmptyStateViewModel.swift; sourceTree = "<group>"; };
		EC99D4DC23BB9245005B9697 /* IGListKit.framework */ = {isa = PBXFileReference; lastKnownFileType = wrapper.framework; name = IGListKit.framework; path = Carthage/Build/iOS/IGListKit.framework; sourceTree = "<group>"; };
		ECCCD11523B579BD0047F1F6 /* Itunes Media.app */ = {isa = PBXFileReference; explicitFileType = wrapper.application; includeInIndex = 0; path = "Itunes Media.app"; sourceTree = BUILT_PRODUCTS_DIR; };
		ECCCD11823B579BD0047F1F6 /* AppDelegate.swift */ = {isa = PBXFileReference; lastKnownFileType = sourcecode.swift; path = AppDelegate.swift; sourceTree = "<group>"; };
		ECCCD12123B579BF0047F1F6 /* Base.xcassets */ = {isa = PBXFileReference; lastKnownFileType = folder.assetcatalog; path = Base.xcassets; sourceTree = "<group>"; };
		ECCCD12423B579BF0047F1F6 /* Base */ = {isa = PBXFileReference; lastKnownFileType = file.storyboard; name = Base; path = Base.lproj/LaunchScreen.storyboard; sourceTree = "<group>"; };
		ECCCD12623B579BF0047F1F6 /* Info.plist */ = {isa = PBXFileReference; lastKnownFileType = text.plist.xml; path = Info.plist; sourceTree = "<group>"; };
		ECCCD12B23B579BF0047F1F6 /* ItunesMediaTests.xctest */ = {isa = PBXFileReference; explicitFileType = wrapper.cfbundle; includeInIndex = 0; path = ItunesMediaTests.xctest; sourceTree = BUILT_PRODUCTS_DIR; };
		ECCCD12F23B579BF0047F1F6 /* ItunesMediaTests.swift */ = {isa = PBXFileReference; lastKnownFileType = sourcecode.swift; path = ItunesMediaTests.swift; sourceTree = "<group>"; };
		ECCCD13123B579BF0047F1F6 /* Info.plist */ = {isa = PBXFileReference; lastKnownFileType = text.plist.xml; path = Info.plist; sourceTree = "<group>"; };
		ECCCD14A23B57B8E0047F1F6 /* K.swift */ = {isa = PBXFileReference; lastKnownFileType = sourcecode.swift; path = K.swift; sourceTree = "<group>"; };
		ECCCD15423B57C9D0047F1F6 /* Colors.xcassets */ = {isa = PBXFileReference; lastKnownFileType = folder.assetcatalog; path = Colors.xcassets; sourceTree = "<group>"; };
		ECCCD15623B57CAF0047F1F6 /* Icons.xcassets */ = {isa = PBXFileReference; lastKnownFileType = folder.assetcatalog; path = Icons.xcassets; sourceTree = "<group>"; };
		ECCCD15A23B57D470047F1F6 /* es */ = {isa = PBXFileReference; lastKnownFileType = text.plist.strings; name = es; path = es.lproj/LaunchScreen.strings; sourceTree = "<group>"; };
		ECCCD15C23B57D530047F1F6 /* en */ = {isa = PBXFileReference; lastKnownFileType = text.plist.strings; name = en; path = en.lproj/Localizable.strings; sourceTree = "<group>"; };
		ECCCD15E23B57D6A0047F1F6 /* es */ = {isa = PBXFileReference; lastKnownFileType = text.plist.strings; name = es; path = es.lproj/Localizable.strings; sourceTree = "<group>"; };
		ECCCD16023B57FB80047F1F6 /* Swinject.framework */ = {isa = PBXFileReference; lastKnownFileType = wrapper.framework; name = Swinject.framework; path = Carthage/Build/iOS/Swinject.framework; sourceTree = "<group>"; };
		ECCCD16823B584C50047F1F6 /* Injector.swift */ = {isa = PBXFileReference; lastKnownFileType = sourcecode.swift; path = Injector.swift; sourceTree = "<group>"; };
		ECCCD16A23B585070047F1F6 /* UseCaseAssembly.swift */ = {isa = PBXFileReference; lastKnownFileType = sourcecode.swift; path = UseCaseAssembly.swift; sourceTree = "<group>"; };
		ECCCD16C23B585190047F1F6 /* RepositoryAssembly.swift */ = {isa = PBXFileReference; lastKnownFileType = sourcecode.swift; path = RepositoryAssembly.swift; sourceTree = "<group>"; };
		ECCCD16E23B585570047F1F6 /* ViewModelAssembly.swift */ = {isa = PBXFileReference; lastKnownFileType = sourcecode.swift; path = ViewModelAssembly.swift; sourceTree = "<group>"; };
		ECCCD17023B5856B0047F1F6 /* ViewControllerAssembly.swift */ = {isa = PBXFileReference; lastKnownFileType = sourcecode.swift; path = ViewControllerAssembly.swift; sourceTree = "<group>"; };
		ECCCD17223B586090047F1F6 /* CoordinatorAssembly.swift */ = {isa = PBXFileReference; lastKnownFileType = sourcecode.swift; path = CoordinatorAssembly.swift; sourceTree = "<group>"; };
		ECCCD17423B587800047F1F6 /* TvShowModel.swift */ = {isa = PBXFileReference; lastKnownFileType = sourcecode.swift; path = TvShowModel.swift; sourceTree = "<group>"; };
		ECCCD17623B587A40047F1F6 /* Media.swift */ = {isa = PBXFileReference; lastKnownFileType = sourcecode.swift; path = Media.swift; sourceTree = "<group>"; };
		ECCCD17823B5885E0047F1F6 /* SongModel.swift */ = {isa = PBXFileReference; lastKnownFileType = sourcecode.swift; path = SongModel.swift; sourceTree = "<group>"; };
		ECCCD17A23B588B40047F1F6 /* MovieModel.swift */ = {isa = PBXFileReference; lastKnownFileType = sourcecode.swift; path = MovieModel.swift; sourceTree = "<group>"; };
		ECCCD17C23B589EC0047F1F6 /* PodcastModel.swift */ = {isa = PBXFileReference; lastKnownFileType = sourcecode.swift; path = PodcastModel.swift; sourceTree = "<group>"; };
		ECCCD17E23B58A9B0047F1F6 /* EbookModel.swift */ = {isa = PBXFileReference; lastKnownFileType = sourcecode.swift; path = EbookModel.swift; sourceTree = "<group>"; };
		ECCCD18223B594AF0047F1F6 /* MediaType.swift */ = {isa = PBXFileReference; lastKnownFileType = sourcecode.swift; path = MediaType.swift; sourceTree = "<group>"; };
		ECCCD18423B59C930047F1F6 /* MediaProvider.swift */ = {isa = PBXFileReference; lastKnownFileType = sourcecode.swift; path = MediaProvider.swift; sourceTree = "<group>"; };
		ECCCD18623B59F5E0047F1F6 /* FullMediaModel.swift */ = {isa = PBXFileReference; lastKnownFileType = sourcecode.swift; path = FullMediaModel.swift; sourceTree = "<group>"; };
		ECCCD18823B5A18F0047F1F6 /* SearchRequestModel.swift */ = {isa = PBXFileReference; lastKnownFileType = sourcecode.swift; path = SearchRequestModel.swift; sourceTree = "<group>"; };
		ECCCD18C23B5A4880047F1F6 /* R.swift */ = {isa = PBXFileReference; fileEncoding = 4; lastKnownFileType = sourcecode.swift; path = R.swift; sourceTree = "<group>"; };
		ECCCD18D23B5A4880047F1F6 /* L10n.swift */ = {isa = PBXFileReference; fileEncoding = 4; lastKnownFileType = sourcecode.swift; path = L10n.swift; sourceTree = "<group>"; };
		ECCCD19023B5A55E0047F1F6 /* Alamofire.framework */ = {isa = PBXFileReference; lastKnownFileType = wrapper.framework; name = Alamofire.framework; path = Carthage/Build/iOS/Alamofire.framework; sourceTree = "<group>"; };
		ECCCD19323B5A5620047F1F6 /* Moya.framework */ = {isa = PBXFileReference; lastKnownFileType = wrapper.framework; name = Moya.framework; path = Carthage/Build/iOS/Moya.framework; sourceTree = "<group>"; };
		ECCCD19623B5A5660047F1F6 /* Nuke.framework */ = {isa = PBXFileReference; lastKnownFileType = wrapper.framework; name = Nuke.framework; path = Carthage/Build/iOS/Nuke.framework; sourceTree = "<group>"; };
		ECCCD19923B5A56A0047F1F6 /* Result.framework */ = {isa = PBXFileReference; lastKnownFileType = wrapper.framework; name = Result.framework; path = Carthage/Build/iOS/Result.framework; sourceTree = "<group>"; };
		ECCCD19C23B5A5710047F1F6 /* RxCocoa.framework */ = {isa = PBXFileReference; lastKnownFileType = wrapper.framework; name = RxCocoa.framework; path = Carthage/Build/iOS/RxCocoa.framework; sourceTree = "<group>"; };
		ECCCD19F23B5A5770047F1F6 /* RxRelay.framework */ = {isa = PBXFileReference; lastKnownFileType = wrapper.framework; name = RxRelay.framework; path = Carthage/Build/iOS/RxRelay.framework; sourceTree = "<group>"; };
		ECCCD1A223B5A58D0047F1F6 /* RxMoya.framework */ = {isa = PBXFileReference; lastKnownFileType = wrapper.framework; name = RxMoya.framework; path = Carthage/Build/iOS/RxMoya.framework; sourceTree = "<group>"; };
		ECCCD1A523B5A5920047F1F6 /* RxSwift.framework */ = {isa = PBXFileReference; lastKnownFileType = wrapper.framework; name = RxSwift.framework; path = Carthage/Build/iOS/RxSwift.framework; sourceTree = "<group>"; };
		ECCCD1AA23B5A6D80047F1F6 /* Coordinator.swift */ = {isa = PBXFileReference; lastKnownFileType = sourcecode.swift; path = Coordinator.swift; sourceTree = "<group>"; };
		ECCCD1AC23B5A6F70047F1F6 /* ApplicationCoordinator.swift */ = {isa = PBXFileReference; lastKnownFileType = sourcecode.swift; path = ApplicationCoordinator.swift; sourceTree = "<group>"; };
		ECCCD1AE23B5A7920047F1F6 /* MediaFeedCoordinator.swift */ = {isa = PBXFileReference; lastKnownFileType = sourcecode.swift; path = MediaFeedCoordinator.swift; sourceTree = "<group>"; };
		ECCCD1B123B5A7C10047F1F6 /* MediaFeedViewController.swift */ = {isa = PBXFileReference; lastKnownFileType = sourcecode.swift; path = MediaFeedViewController.swift; sourceTree = "<group>"; };
		ECCCD1B423B5ABF10047F1F6 /* PaginationStrategy.swift */ = {isa = PBXFileReference; lastKnownFileType = sourcecode.swift; path = PaginationStrategy.swift; sourceTree = "<group>"; };
		ECCCD1B823B5AE7C0047F1F6 /* PaginatedRequestModel.swift */ = {isa = PBXFileReference; lastKnownFileType = sourcecode.swift; path = PaginatedRequestModel.swift; sourceTree = "<group>"; };
		ECCCD1BA23B5AF7C0047F1F6 /* Commons.swift */ = {isa = PBXFileReference; lastKnownFileType = sourcecode.swift; path = Commons.swift; sourceTree = "<group>"; };
		ECCCD1BC23B5AF940047F1F6 /* ViewModelBindable.swift */ = {isa = PBXFileReference; lastKnownFileType = sourcecode.swift; path = ViewModelBindable.swift; sourceTree = "<group>"; };
		ECCCD1BE23B5B5100047F1F6 /* MediaFeedViewModelType.swift */ = {isa = PBXFileReference; lastKnownFileType = sourcecode.swift; path = MediaFeedViewModelType.swift; sourceTree = "<group>"; };
		ECCCD1C023B5B6D90047F1F6 /* ResponseModel.swift */ = {isa = PBXFileReference; lastKnownFileType = sourcecode.swift; path = ResponseModel.swift; sourceTree = "<group>"; };
		ECCCD1C223B5B7340047F1F6 /* Model.swift */ = {isa = PBXFileReference; lastKnownFileType = sourcecode.swift; path = Model.swift; sourceTree = "<group>"; };
		ECCCD1C423B5BC8D0047F1F6 /* Reusable.framework */ = {isa = PBXFileReference; lastKnownFileType = wrapper.framework; name = Reusable.framework; path = Carthage/Build/iOS/Reusable.framework; sourceTree = "<group>"; };
		ECCCD1C723B5BE600047F1F6 /* FeedMediaFactory.swift */ = {isa = PBXFileReference; lastKnownFileType = sourcecode.swift; path = FeedMediaFactory.swift; sourceTree = "<group>"; };
		ECCCD1CA23B5C0600047F1F6 /* MediaRepository.swift */ = {isa = PBXFileReference; lastKnownFileType = sourcecode.swift; path = MediaRepository.swift; sourceTree = "<group>"; };
		ECCCD1CC23B5C1390047F1F6 /* IGListDiffKit.framework */ = {isa = PBXFileReference; lastKnownFileType = wrapper.framework; name = IGListDiffKit.framework; path = Carthage/Build/iOS/IGListDiffKit.framework; sourceTree = "<group>"; };
		ECCCD1CF23B5C13E0047F1F6 /* SkeletonView.framework */ = {isa = PBXFileReference; lastKnownFileType = wrapper.framework; name = SkeletonView.framework; path = Carthage/Build/iOS/SkeletonView.framework; sourceTree = "<group>"; };
		ECCCD1D323B5C6B00047F1F6 /* SearchMediaUseCase.swift */ = {isa = PBXFileReference; lastKnownFileType = sourcecode.swift; path = SearchMediaUseCase.swift; sourceTree = "<group>"; };
		ECCCD1D623B5C85F0047F1F6 /* LimitOffsetBasedAdapter.swift */ = {isa = PBXFileReference; lastKnownFileType = sourcecode.swift; path = LimitOffsetBasedAdapter.swift; sourceTree = "<group>"; };
		ECCCD1D823B5C8E80047F1F6 /* LimitOffsetCalculatorService.swift */ = {isa = PBXFileReference; lastKnownFileType = sourcecode.swift; path = LimitOffsetCalculatorService.swift; sourceTree = "<group>"; };
		ECEC0B6923B6415F00D71F54 /* EmptyCell.swift */ = {isa = PBXFileReference; lastKnownFileType = sourcecode.swift; path = EmptyCell.swift; sourceTree = "<group>"; };
		ECEC0B6E23B6429A00D71F54 /* SectionTitleHeaderView.swift */ = {isa = PBXFileReference; lastKnownFileType = sourcecode.swift; path = SectionTitleHeaderView.swift; sourceTree = "<group>"; };
		ECEC0B6F23B6429A00D71F54 /* SectionTitleHeaderView.xib */ = {isa = PBXFileReference; lastKnownFileType = file.xib; path = SectionTitleHeaderView.xib; sourceTree = "<group>"; };
		ECEC0B7223B6453D00D71F54 /* SectionedMediaSectionController.swift */ = {isa = PBXFileReference; lastKnownFileType = sourcecode.swift; path = SectionedMediaSectionController.swift; sourceTree = "<group>"; };
		ECEC0B7423B6490000D71F54 /* MediaSectionController.swift */ = {isa = PBXFileReference; lastKnownFileType = sourcecode.swift; path = MediaSectionController.swift; sourceTree = "<group>"; };
		ECEC0B7723B64AE500D71F54 /* MediaCell.swift */ = {isa = PBXFileReference; lastKnownFileType = sourcecode.swift; path = MediaCell.swift; sourceTree = "<group>"; };
		ECEC0B7823B64AE500D71F54 /* MediaCell.xib */ = {isa = PBXFileReference; lastKnownFileType = file.xib; path = MediaCell.xib; sourceTree = "<group>"; };
		ECEC0B7C23B64D9000D71F54 /* MediaCellViewModelType.swift */ = {isa = PBXFileReference; fileEncoding = 4; lastKnownFileType = sourcecode.swift; path = MediaCellViewModelType.swift; sourceTree = "<group>"; };
		ECEC0B7F23B6512800D71F54 /* UtilsAssembly.swift */ = {isa = PBXFileReference; lastKnownFileType = sourcecode.swift; path = UtilsAssembly.swift; sourceTree = "<group>"; };
		ECEC0B8123B651BC00D71F54 /* ServiceAssembly.swift */ = {isa = PBXFileReference; lastKnownFileType = sourcecode.swift; path = ServiceAssembly.swift; sourceTree = "<group>"; };
		ECEC0B8423B6532100D71F54 /* FactoryAssembly.swift */ = {isa = PBXFileReference; lastKnownFileType = sourcecode.swift; path = FactoryAssembly.swift; sourceTree = "<group>"; };
		ECFC55EE23B5CD1E00ECC0FD /* WebBasedMediaRepository.swift */ = {isa = PBXFileReference; lastKnownFileType = sourcecode.swift; path = WebBasedMediaRepository.swift; sourceTree = "<group>"; };
		ECFC55F023B5CEC300ECC0FD /* SearchMediaUseCaseType.swift */ = {isa = PBXFileReference; lastKnownFileType = sourcecode.swift; path = SearchMediaUseCaseType.swift; sourceTree = "<group>"; };
		ECFC55F223B5CFE400ECC0FD /* RestPaginationStrategy.swift */ = {isa = PBXFileReference; lastKnownFileType = sourcecode.swift; path = RestPaginationStrategy.swift; sourceTree = "<group>"; };
/* End PBXFileReference section */

/* Begin PBXFrameworksBuildPhase section */
		ECCCD11223B579BD0047F1F6 /* Frameworks */ = {
			isa = PBXFrameworksBuildPhase;
			buildActionMask = 2147483647;
			files = (
				ECCCD1CD23B5C1390047F1F6 /* IGListDiffKit.framework in Frameworks */,
				EC99D4DD23BB9245005B9697 /* IGListKit.framework in Frameworks */,
				ECCCD19D23B5A5710047F1F6 /* RxCocoa.framework in Frameworks */,
				ECCCD1D023B5C13E0047F1F6 /* SkeletonView.framework in Frameworks */,
				ECCCD16123B57FB80047F1F6 /* Swinject.framework in Frameworks */,
				ECCCD1A823B5A5B80047F1F6 /* RxRelay.framework in Frameworks */,
				ECCCD19723B5A5660047F1F6 /* Nuke.framework in Frameworks */,
				ECCCD19A23B5A56A0047F1F6 /* Result.framework in Frameworks */,
				ECCCD1A623B5A5920047F1F6 /* RxSwift.framework in Frameworks */,
				ECCCD19423B5A5620047F1F6 /* Moya.framework in Frameworks */,
				ECCCD1A323B5A58D0047F1F6 /* RxMoya.framework in Frameworks */,
				ECCCD19123B5A55E0047F1F6 /* Alamofire.framework in Frameworks */,
				ECCCD1C523B5BC8D0047F1F6 /* Reusable.framework in Frameworks */,
			);
			runOnlyForDeploymentPostprocessing = 0;
		};
		ECCCD12823B579BF0047F1F6 /* Frameworks */ = {
			isa = PBXFrameworksBuildPhase;
			buildActionMask = 2147483647;
			files = (
			);
			runOnlyForDeploymentPostprocessing = 0;
		};
/* End PBXFrameworksBuildPhase section */

/* Begin PBXGroup section */
		EC0650B823B670D400319F64 /* EmptyStateCell */ = {
			isa = PBXGroup;
			children = (
				EC0650B923B670E900319F64 /* EmptyStateCell.swift */,
				EC0650BA23B670E900319F64 /* EmptyStateCell.xib */,
			);
			path = EmptyStateCell;
			sourceTree = "<group>";
		};
		EC0650C523B68A7000319F64 /* MediaContentViewController */ = {
			isa = PBXGroup;
			children = (
				EC0650C623B68A8700319F64 /* MediaContentViewController.swift */,
			);
			path = MediaContentViewController;
			sourceTree = "<group>";
		};
		EC0650C823B68B0000319F64 /* ViewModel */ = {
			isa = PBXGroup;
			children = (
				EC0650C923B68B0900319F64 /* MediaContentViewModel.swift */,
				EC2FBF2523B6D3EF0015AF68 /* MediaFeedViewModel.swift */,
				EC2FBF2723B6D5FB0015AF68 /* MediaCellViewModel.swift */,
				EC2FBF2923B6D6E20015AF68 /* MediaDetailCellViewModel.swift */,
				EC2FBF2F23B6D82C0015AF68 /* TextBasedCellViewModel.swift */,
				EC2FBF3123B6DA130015AF68 /* SkeletonCellViewModel.swift */,
				EC2FBF3323B6DA5A0015AF68 /* LoadingCellViewModel.swift */,
				EC2FBF3523B6DB7D0015AF68 /* EmptyStateViewModel.swift */,
			);
			path = ViewModel;
			sourceTree = "<group>";
		};
		EC0650D123B68EC200319F64 /* MediaDetailCell */ = {
			isa = PBXGroup;
			children = (
				EC0650D223B68EE300319F64 /* MediaDetailCell.swift */,
				EC0650D323B68EE300319F64 /* MediaDetailCell.xib */,
			);
			path = MediaDetailCell;
			sourceTree = "<group>";
		};
		EC2DF62C23B5DF4C007DB07E /* CellViewModels */ = {
			isa = PBXGroup;
			children = (
				EC2FBF2D23B6D8170015AF68 /* TextBasedCellViewModelType.swift */,
				ECEC0B7C23B64D9000D71F54 /* MediaCellViewModelType.swift */,
				EC0650D623B6905500319F64 /* MediaDetailCellViewModelType.swift */,
				EC2DF62E23B5DF81007DB07E /* SkeletonCellViewModelType.swift */,
				EC2DF63823B5EDB5007DB07E /* LoadingCellViewModelType.swift */,
				EC0650B423B66FE200319F64 /* EmptyStateViewModelType.swift */,
			);
			path = CellViewModels;
			sourceTree = "<group>";
		};
		EC2DF62D23B5DF5C007DB07E /* SectionViewModels */ = {
			isa = PBXGroup;
			children = (
				EC2DF63423B5EBAB007DB07E /* MediaSectionViewModel.swift */,
				EC2DF63A23B5F5AB007DB07E /* FeedHeaderViewModel.swift */,
			);
			path = SectionViewModels;
			sourceTree = "<group>";
		};
		EC2DF64023B637AC007DB07E /* SectionControllers */ = {
			isa = PBXGroup;
			children = (
				EC2DF64123B63817007DB07E /* FeedHeaderSectionController.swift */,
				ECEC0B7223B6453D00D71F54 /* SectionedMediaSectionController.swift */,
				ECEC0B7423B6490000D71F54 /* MediaSectionController.swift */,
				EC0650BD23B6728200319F64 /* EmptyStateSectionController.swift */,
				EC0650C323B67E4E00319F64 /* LoadingSectionController.swift */,
				EC0650D823B6990B00319F64 /* ContentDetailSectionController.swift */,
			);
			path = SectionControllers;
			sourceTree = "<group>";
		};
		EC2DF64323B63866007DB07E /* Headers */ = {
			isa = PBXGroup;
			children = (
				ECEC0B6B23B6425D00D71F54 /* ActionableCollectionHeaderView */,
				EC2DF64523B63876007DB07E /* EmptyHeaderView.swift */,
				EC2DF64723B638D2007DB07E /* FeedHeaderReusableView.swift */,
			);
			path = Headers;
			sourceTree = "<group>";
		};
		EC2DF64923B638EF007DB07E /* Views */ = {
			isa = PBXGroup;
			children = (
				EC2DF64A23B638F8007DB07E /* FeedHeaderView */,
			);
			path = Views;
			sourceTree = "<group>";
		};
		EC2DF64A23B638F8007DB07E /* FeedHeaderView */ = {
			isa = PBXGroup;
			children = (
				EC2DF64B23B638FC007DB07E /* FeedHeaderView.swift */,
				EC2DF64D23B63903007DB07E /* FeedHeaderView.xib */,
			);
			path = FeedHeaderView;
			sourceTree = "<group>";
		};
		ECCCD10C23B579BD0047F1F6 = {
			isa = PBXGroup;
			children = (
				ECCCD11723B579BD0047F1F6 /* ItunesMedia */,
				ECCCD12E23B579BF0047F1F6 /* ItunesMediaTests */,
				ECCCD11623B579BD0047F1F6 /* Products */,
				ECCCD15F23B57FB80047F1F6 /* Frameworks */,
			);
			sourceTree = "<group>";
		};
		ECCCD11623B579BD0047F1F6 /* Products */ = {
			isa = PBXGroup;
			children = (
				ECCCD11523B579BD0047F1F6 /* Itunes Media.app */,
				ECCCD12B23B579BF0047F1F6 /* ItunesMediaTests.xctest */,
			);
			name = Products;
			sourceTree = "<group>";
		};
		ECCCD11723B579BD0047F1F6 /* ItunesMedia */ = {
			isa = PBXGroup;
			children = (
				ECCCD14A23B57B8E0047F1F6 /* K.swift */,
				ECCCD11823B579BD0047F1F6 /* AppDelegate.swift */,
				ECCCD13D23B57B510047F1F6 /* Navigation */,
				ECCCD13E23B57B580047F1F6 /* ViewControllers */,
				ECCCD13F23B57B600047F1F6 /* ViewModels */,
				ECCCD14C23B57BB20047F1F6 /* Models */,
				ECCCD13C23B57ADC0047F1F6 /* Views */,
				ECCCD14023B57B630047F1F6 /* Services */,
				ECCCD14223B57B6C0047F1F6 /* UseCases */,
				ECCCD14123B57B680047F1F6 /* Repositories */,
				ECCCD14F23B57BD90047F1F6 /* Networking */,
				ECCCD13A23B57A110047F1F6 /* Resources */,
				ECCCD14323B57B730047F1F6 /* Library */,
				ECCCD12623B579BF0047F1F6 /* Info.plist */,
			);
			path = ItunesMedia;
			sourceTree = "<group>";
		};
		ECCCD12E23B579BF0047F1F6 /* ItunesMediaTests */ = {
			isa = PBXGroup;
			children = (
				ECCCD12F23B579BF0047F1F6 /* ItunesMediaTests.swift */,
				ECCCD13123B579BF0047F1F6 /* Info.plist */,
			);
			path = ItunesMediaTests;
			sourceTree = "<group>";
		};
		ECCCD13A23B57A110047F1F6 /* Resources */ = {
			isa = PBXGroup;
			children = (
				ECCCD13B23B57AD30047F1F6 /* Assets */,
				ECCCD18D23B5A4880047F1F6 /* L10n.swift */,
				ECCCD18C23B5A4880047F1F6 /* R.swift */,
				ECCCD15D23B57D530047F1F6 /* Localizable.strings */,
			);
			path = Resources;
			sourceTree = "<group>";
		};
		ECCCD13B23B57AD30047F1F6 /* Assets */ = {
			isa = PBXGroup;
			children = (
				ECCCD12123B579BF0047F1F6 /* Base.xcassets */,
				ECCCD15423B57C9D0047F1F6 /* Colors.xcassets */,
				ECCCD15623B57CAF0047F1F6 /* Icons.xcassets */,
			);
			path = Assets;
			sourceTree = "<group>";
		};
		ECCCD13C23B57ADC0047F1F6 /* Views */ = {
			isa = PBXGroup;
			children = (
				ECEC0B6623B6413000D71F54 /* Cells */,
				EC2DF64923B638EF007DB07E /* Views */,
				EC2DF64323B63866007DB07E /* Headers */,
				ECCCD12323B579BF0047F1F6 /* LaunchScreen.storyboard */,
			);
			path = Views;
			sourceTree = "<group>";
		};
		ECCCD13D23B57B510047F1F6 /* Navigation */ = {
			isa = PBXGroup;
			children = (
				ECCCD1AC23B5A6F70047F1F6 /* ApplicationCoordinator.swift */,
				ECCCD1AE23B5A7920047F1F6 /* MediaFeedCoordinator.swift */,
			);
			path = Navigation;
			sourceTree = "<group>";
		};
		ECCCD13E23B57B580047F1F6 /* ViewControllers */ = {
			isa = PBXGroup;
			children = (
				EC2DF64023B637AC007DB07E /* SectionControllers */,
				EC0650C523B68A7000319F64 /* MediaContentViewController */,
				ECCCD1B023B5A7B10047F1F6 /* MediaFeedViewController */,
			);
			path = ViewControllers;
			sourceTree = "<group>";
		};
		ECCCD13F23B57B600047F1F6 /* ViewModels */ = {
			isa = PBXGroup;
			children = (
				EC2DF62D23B5DF5C007DB07E /* SectionViewModels */,
				EC2DF62C23B5DF4C007DB07E /* CellViewModels */,
				ECCCD1BE23B5B5100047F1F6 /* MediaFeedViewModelType.swift */,
				EC0650CB23B68B2F00319F64 /* MediaContentViewModelType.swift */,
			);
			path = ViewModels;
			sourceTree = "<group>";
		};
		ECCCD14023B57B630047F1F6 /* Services */ = {
			isa = PBXGroup;
			children = (
				ECCCD1D823B5C8E80047F1F6 /* LimitOffsetCalculatorService.swift */,
			);
			path = Services;
			sourceTree = "<group>";
		};
		ECCCD14123B57B680047F1F6 /* Repositories */ = {
			isa = PBXGroup;
			children = (
				ECFC55EE23B5CD1E00ECC0FD /* WebBasedMediaRepository.swift */,
			);
			path = Repositories;
			sourceTree = "<group>";
		};
		ECCCD14223B57B6C0047F1F6 /* UseCases */ = {
			isa = PBXGroup;
			children = (
				ECFC55F023B5CEC300ECC0FD /* SearchMediaUseCaseType.swift */,
			);
			path = UseCases;
			sourceTree = "<group>";
		};
		ECCCD14323B57B730047F1F6 /* Library */ = {
			isa = PBXGroup;
			children = (
				ECCCD14423B57B760047F1F6 /* Utils */,
				ECCCD14623B57B7D0047F1F6 /* Enums */,
				ECCCD1D523B5C8230047F1F6 /* Adapters */,
				ECCCD15023B57BF00047F1F6 /* Factories */,
				ECCCD15123B57BF30047F1F6 /* Strategies */,
				ECCCD14723B57B7F0047F1F6 /* Protocols */,
				ECCCD14823B57B830047F1F6 /* Extensions */,
				ECCCD15223B57C030047F1F6 /* Dependencies */,
			);
			path = Library;
			sourceTree = "<group>";
		};
		ECCCD14423B57B760047F1F6 /* Utils */ = {
			isa = PBXGroup;
			children = (
				ECCCD1BA23B5AF7C0047F1F6 /* Commons.swift */,
				EC2DF63E23B63780007DB07E /* ListSectionDataSource.swift */,
				EC0650DE23B69D2100319F64 /* TextSize.swift */,
			);
			path = Utils;
			sourceTree = "<group>";
		};
		ECCCD14623B57B7D0047F1F6 /* Enums */ = {
			isa = PBXGroup;
			children = (
				ECCCD18223B594AF0047F1F6 /* MediaType.swift */,
				EC2DF63023B5E2BB007DB07E /* KindType.swift */,
			);
			path = Enums;
			sourceTree = "<group>";
		};
		ECCCD14723B57B7F0047F1F6 /* Protocols */ = {
			isa = PBXGroup;
			children = (
				EC0650C823B68B0000319F64 /* ViewModel */,
				ECCCD1D223B5C69B0047F1F6 /* UseCases */,
				ECCCD1C923B5C04C0047F1F6 /* Repositories */,
				ECCCD1B323B5ABE10047F1F6 /* Strategies */,
				ECCCD17623B587A40047F1F6 /* Media.swift */,
				ECCCD1C223B5B7340047F1F6 /* Model.swift */,
				ECCCD1AA23B5A6D80047F1F6 /* Coordinator.swift */,
				ECCCD1BC23B5AF940047F1F6 /* ViewModelBindable.swift */,
			);
			path = Protocols;
			sourceTree = "<group>";
		};
		ECCCD14823B57B830047F1F6 /* Extensions */ = {
			isa = PBXGroup;
			children = (
				EC2DF65123B63F8E007DB07E /* UIResponder+actions.swift */,
				EC2DF63223B5E759007DB07E /* Sequence+grouping.swift */,
				EC2DF64F23B63B6E007DB07E /* NSMutableAttributedString+helpers.swift */,
				EC0650B223B669F900319F64 /* UIViewController+keyboardHandling.swift */,
				EC0650C123B6788B00319F64 /* ScrollView+LoadMore.swift */,
				EC0650CD23B68BEB00319F64 /* UICollectionView+default.swift */,
				EC0650E523B6B6C200319F64 /* UIView+pintToEdges.swift */,
				EC2FBF2323B6CE580015AF68 /* Date+formatters.swift */,
			);
			path = Extensions;
			sourceTree = "<group>";
		};
		ECCCD14C23B57BB20047F1F6 /* Models */ = {
			isa = PBXGroup;
			children = (
				ECCCD14E23B57BB90047F1F6 /* ResponseModels */,
				ECCCD14D23B57BB50047F1F6 /* RequestModels */,
				ECCCD17423B587800047F1F6 /* TvShowModel.swift */,
				ECCCD17823B5885E0047F1F6 /* SongModel.swift */,
				ECCCD17A23B588B40047F1F6 /* MovieModel.swift */,
				ECCCD17C23B589EC0047F1F6 /* PodcastModel.swift */,
				ECCCD17E23B58A9B0047F1F6 /* EbookModel.swift */,
			);
			path = Models;
			sourceTree = "<group>";
		};
		ECCCD14D23B57BB50047F1F6 /* RequestModels */ = {
			isa = PBXGroup;
			children = (
				ECCCD18823B5A18F0047F1F6 /* SearchRequestModel.swift */,
				ECCCD1B823B5AE7C0047F1F6 /* PaginatedRequestModel.swift */,
			);
			path = RequestModels;
			sourceTree = "<group>";
		};
		ECCCD14E23B57BB90047F1F6 /* ResponseModels */ = {
			isa = PBXGroup;
			children = (
				ECCCD18623B59F5E0047F1F6 /* FullMediaModel.swift */,
				ECCCD1C023B5B6D90047F1F6 /* ResponseModel.swift */,
			);
			path = ResponseModels;
			sourceTree = "<group>";
		};
		ECCCD14F23B57BD90047F1F6 /* Networking */ = {
			isa = PBXGroup;
			children = (
				ECCCD18423B59C930047F1F6 /* MediaProvider.swift */,
			);
			path = Networking;
			sourceTree = "<group>";
		};
		ECCCD15023B57BF00047F1F6 /* Factories */ = {
			isa = PBXGroup;
			children = (
				ECCCD1C723B5BE600047F1F6 /* FeedMediaFactory.swift */,
				EC0650CF23B68D4500319F64 /* MediaContentFactory.swift */,
			);
			path = Factories;
			sourceTree = "<group>";
		};
		ECCCD15123B57BF30047F1F6 /* Strategies */ = {
			isa = PBXGroup;
			children = (
				ECFC55F223B5CFE400ECC0FD /* RestPaginationStrategy.swift */,
			);
			path = Strategies;
			sourceTree = "<group>";
		};
		ECCCD15223B57C030047F1F6 /* Dependencies */ = {
			isa = PBXGroup;
			children = (
				ECCCD16723B584AF0047F1F6 /* Assamblers */,
				ECCCD16823B584C50047F1F6 /* Injector.swift */,
			);
			path = Dependencies;
			sourceTree = "<group>";
		};
		ECCCD15F23B57FB80047F1F6 /* Frameworks */ = {
			isa = PBXGroup;
			children = (
				EC99D4DC23BB9245005B9697 /* IGListKit.framework */,
				ECCCD1CF23B5C13E0047F1F6 /* SkeletonView.framework */,
				ECCCD1CC23B5C1390047F1F6 /* IGListDiffKit.framework */,
				ECCCD1C423B5BC8D0047F1F6 /* Reusable.framework */,
				ECCCD1A523B5A5920047F1F6 /* RxSwift.framework */,
				ECCCD1A223B5A58D0047F1F6 /* RxMoya.framework */,
				ECCCD19F23B5A5770047F1F6 /* RxRelay.framework */,
				ECCCD19C23B5A5710047F1F6 /* RxCocoa.framework */,
				ECCCD19923B5A56A0047F1F6 /* Result.framework */,
				ECCCD19623B5A5660047F1F6 /* Nuke.framework */,
				ECCCD19323B5A5620047F1F6 /* Moya.framework */,
				ECCCD19023B5A55E0047F1F6 /* Alamofire.framework */,
				ECCCD16023B57FB80047F1F6 /* Swinject.framework */,
			);
			name = Frameworks;
			sourceTree = "<group>";
		};
		ECCCD16723B584AF0047F1F6 /* Assamblers */ = {
			isa = PBXGroup;
			children = (
				ECCCD16A23B585070047F1F6 /* UseCaseAssembly.swift */,
				ECCCD16C23B585190047F1F6 /* RepositoryAssembly.swift */,
				ECCCD16E23B585570047F1F6 /* ViewModelAssembly.swift */,
				ECCCD17023B5856B0047F1F6 /* ViewControllerAssembly.swift */,
				ECCCD17223B586090047F1F6 /* CoordinatorAssembly.swift */,
				ECEC0B7F23B6512800D71F54 /* UtilsAssembly.swift */,
				ECEC0B8123B651BC00D71F54 /* ServiceAssembly.swift */,
				ECEC0B8423B6532100D71F54 /* FactoryAssembly.swift */,
			);
			path = Assamblers;
			sourceTree = "<group>";
		};
		ECCCD1B023B5A7B10047F1F6 /* MediaFeedViewController */ = {
			isa = PBXGroup;
			children = (
				ECCCD1B123B5A7C10047F1F6 /* MediaFeedViewController.swift */,
				EC2DF63C23B6353F007DB07E /* MediaFeedViewControllerDelegate.swift */,
			);
			path = MediaFeedViewController;
			sourceTree = "<group>";
		};
		ECCCD1B323B5ABE10047F1F6 /* Strategies */ = {
			isa = PBXGroup;
			children = (
				ECCCD1B423B5ABF10047F1F6 /* PaginationStrategy.swift */,
			);
			path = Strategies;
			sourceTree = "<group>";
		};
		ECCCD1C923B5C04C0047F1F6 /* Repositories */ = {
			isa = PBXGroup;
			children = (
				ECCCD1CA23B5C0600047F1F6 /* MediaRepository.swift */,
			);
			path = Repositories;
			sourceTree = "<group>";
		};
		ECCCD1D223B5C69B0047F1F6 /* UseCases */ = {
			isa = PBXGroup;
			children = (
				ECCCD1D323B5C6B00047F1F6 /* SearchMediaUseCase.swift */,
			);
			path = UseCases;
			sourceTree = "<group>";
		};
		ECCCD1D523B5C8230047F1F6 /* Adapters */ = {
			isa = PBXGroup;
			children = (
				ECCCD1D623B5C85F0047F1F6 /* LimitOffsetBasedAdapter.swift */,
			);
			path = Adapters;
			sourceTree = "<group>";
		};
		ECEC0B6623B6413000D71F54 /* Cells */ = {
			isa = PBXGroup;
			children = (
				EC0650D123B68EC200319F64 /* MediaDetailCell */,
				EC0650B823B670D400319F64 /* EmptyStateCell */,
				ECEC0B7623B64ACD00D71F54 /* MediaCell */,
				ECEC0B6923B6415F00D71F54 /* EmptyCell.swift */,
				EC0650BF23B677A900319F64 /* LoadingCell.swift */,
				EC0650DC23B69B9800319F64 /* TextBasedCell.swift */,
			);
			path = Cells;
			sourceTree = "<group>";
		};
		ECEC0B6B23B6425D00D71F54 /* ActionableCollectionHeaderView */ = {
			isa = PBXGroup;
			children = (
				ECEC0B6E23B6429A00D71F54 /* SectionTitleHeaderView.swift */,
				ECEC0B6F23B6429A00D71F54 /* SectionTitleHeaderView.xib */,
			);
			path = ActionableCollectionHeaderView;
			sourceTree = "<group>";
		};
		ECEC0B7623B64ACD00D71F54 /* MediaCell */ = {
			isa = PBXGroup;
			children = (
				ECEC0B7723B64AE500D71F54 /* MediaCell.swift */,
				ECEC0B7823B64AE500D71F54 /* MediaCell.xib */,
			);
			path = MediaCell;
			sourceTree = "<group>";
		};
/* End PBXGroup section */

/* Begin PBXNativeTarget section */
		ECCCD11423B579BD0047F1F6 /* ItunesMedia */ = {
			isa = PBXNativeTarget;
			buildConfigurationList = ECCCD13423B579BF0047F1F6 /* Build configuration list for PBXNativeTarget "ItunesMedia" */;
			buildPhases = (
				ECCCD16623B5823A0047F1F6 /* SwiftGen Assets Generation */,
				ECCCD11123B579BD0047F1F6 /* Sources */,
				ECCCD11223B579BD0047F1F6 /* Frameworks */,
				ECCCD11323B579BD0047F1F6 /* Resources */,
				ECCCD16323B57FB80047F1F6 /* Embed Frameworks */,
				ECCCD16423B580CE0047F1F6 /* Carthage Copy Frameworks */,
			);
			buildRules = (
			);
			dependencies = (
			);
			name = ItunesMedia;
			productName = ItunesMedia;
			productReference = ECCCD11523B579BD0047F1F6 /* Itunes Media.app */;
			productType = "com.apple.product-type.application";
		};
		ECCCD12A23B579BF0047F1F6 /* ItunesMediaTests */ = {
			isa = PBXNativeTarget;
			buildConfigurationList = ECCCD13723B579BF0047F1F6 /* Build configuration list for PBXNativeTarget "ItunesMediaTests" */;
			buildPhases = (
				ECCCD12723B579BF0047F1F6 /* Sources */,
				ECCCD12823B579BF0047F1F6 /* Frameworks */,
				ECCCD12923B579BF0047F1F6 /* Resources */,
			);
			buildRules = (
			);
			dependencies = (
				ECCCD12D23B579BF0047F1F6 /* PBXTargetDependency */,
			);
			name = ItunesMediaTests;
			productName = ItunesMediaTests;
			productReference = ECCCD12B23B579BF0047F1F6 /* ItunesMediaTests.xctest */;
			productType = "com.apple.product-type.bundle.unit-test";
		};
/* End PBXNativeTarget section */

/* Begin PBXProject section */
		ECCCD10D23B579BD0047F1F6 /* Project object */ = {
			isa = PBXProject;
			attributes = {
				LastSwiftUpdateCheck = 1130;
				LastUpgradeCheck = 1130;
				ORGANIZATIONNAME = "Gustavo Lopez";
				TargetAttributes = {
					ECCCD11423B579BD0047F1F6 = {
						CreatedOnToolsVersion = 11.3;
					};
					ECCCD12A23B579BF0047F1F6 = {
						CreatedOnToolsVersion = 11.3;
						TestTargetID = ECCCD11423B579BD0047F1F6;
					};
				};
			};
			buildConfigurationList = ECCCD11023B579BD0047F1F6 /* Build configuration list for PBXProject "ItunesMedia" */;
			compatibilityVersion = "Xcode 9.3";
			developmentRegion = en;
			hasScannedForEncodings = 0;
			knownRegions = (
				en,
				Base,
				es,
			);
			mainGroup = ECCCD10C23B579BD0047F1F6;
			productRefGroup = ECCCD11623B579BD0047F1F6 /* Products */;
			projectDirPath = "";
			projectRoot = "";
			targets = (
				ECCCD11423B579BD0047F1F6 /* ItunesMedia */,
				ECCCD12A23B579BF0047F1F6 /* ItunesMediaTests */,
			);
		};
/* End PBXProject section */

/* Begin PBXResourcesBuildPhase section */
		ECCCD11323B579BD0047F1F6 /* Resources */ = {
			isa = PBXResourcesBuildPhase;
			buildActionMask = 2147483647;
			files = (
				ECCCD15B23B57D530047F1F6 /* Localizable.strings in Resources */,
				EC0650D523B68EE300319F64 /* MediaDetailCell.xib in Resources */,
				ECCCD15523B57C9D0047F1F6 /* Colors.xcassets in Resources */,
				EC2DF64E23B63903007DB07E /* FeedHeaderView.xib in Resources */,
				ECCCD12523B579BF0047F1F6 /* LaunchScreen.storyboard in Resources */,
				ECCCD15723B57CAF0047F1F6 /* Icons.xcassets in Resources */,
				ECCCD12223B579BF0047F1F6 /* Base.xcassets in Resources */,
				EC0650BC23B670E900319F64 /* EmptyStateCell.xib in Resources */,
				ECEC0B7A23B64AE500D71F54 /* MediaCell.xib in Resources */,
				ECEC0B7123B6429A00D71F54 /* SectionTitleHeaderView.xib in Resources */,
			);
			runOnlyForDeploymentPostprocessing = 0;
		};
		ECCCD12923B579BF0047F1F6 /* Resources */ = {
			isa = PBXResourcesBuildPhase;
			buildActionMask = 2147483647;
			files = (
			);
			runOnlyForDeploymentPostprocessing = 0;
		};
/* End PBXResourcesBuildPhase section */

/* Begin PBXShellScriptBuildPhase section */
		ECCCD16423B580CE0047F1F6 /* Carthage Copy Frameworks */ = {
			isa = PBXShellScriptBuildPhase;
			buildActionMask = 2147483647;
			files = (
			);
			inputFileListPaths = (
			);
			inputPaths = (
				"$(SRCROOT)/Carthage/Build/iOS/Swinject.framework",
				"$(SRCROOT)/Carthage/Build/iOS/Alamofire.framework",
				"$(SRCROOT)/Carthage/Build/iOS/Moya.framework",
				"$(SRCROOT)/Carthage/Build/iOS/Nuke.framework",
				"$(SRCROOT)/Carthage/Build/iOS/ReactiveMoya.framework",
				"$(SRCROOT)/Carthage/Build/iOS/Result.framework",
				"$(SRCROOT)/Carthage/Build/iOS/RxCocoa.framework",
				"$(SRCROOT)/Carthage/Build/iOS/RxMoya.framework",
				"$(SRCROOT)/Carthage/Build/iOS/RxRelay.framework",
				"$(SRCROOT)/Carthage/Build/iOS/RxSwift.framework",
				"$(SRCROOT)/Carthage/Build/iOS/Reusable.framework",
				"$(SRCROOT)/Carthage/Build/iOS/IGListKit.framework",
				"$(SRCROOT)/Carthage/Build/iOS/SkeletonView.framework",
			);
			name = "Carthage Copy Frameworks";
			outputFileListPaths = (
			);
			outputPaths = (
			);
			runOnlyForDeploymentPostprocessing = 0;
			shellPath = /bin/sh;
			shellScript = "# Type a script or drag a script file from your workspace to insert its path.\n/usr/local/bin/carthage copy-frameworks\n";
		};
		ECCCD16623B5823A0047F1F6 /* SwiftGen Assets Generation */ = {
			isa = PBXShellScriptBuildPhase;
			buildActionMask = 2147483647;
			files = (
			);
			inputFileListPaths = (
			);
			inputPaths = (
			);
			name = "SwiftGen Assets Generation";
			outputFileListPaths = (
			);
			outputPaths = (
			);
			runOnlyForDeploymentPostprocessing = 0;
			shellPath = /bin/sh;
			shellScript = "if which swiftgen >/dev/null; then\n  swiftgen\nelse\n  echo \"warning: SwiftGen not installed, download it from https://github.com/SwiftGen/SwiftGen\"\nfi\n";
		};
/* End PBXShellScriptBuildPhase section */

/* Begin PBXSourcesBuildPhase section */
		ECCCD11123B579BD0047F1F6 /* Sources */ = {
			isa = PBXSourcesBuildPhase;
			buildActionMask = 2147483647;
			files = (
				EC0650BB23B670E900319F64 /* EmptyStateCell.swift in Sources */,
				EC0650D023B68D4500319F64 /* MediaContentFactory.swift in Sources */,
				ECCCD1BB23B5AF7C0047F1F6 /* Commons.swift in Sources */,
				ECCCD1D923B5C8E80047F1F6 /* LimitOffsetCalculatorService.swift in Sources */,
				ECCCD1CB23B5C0600047F1F6 /* MediaRepository.swift in Sources */,
				EC2FBF2623B6D3EF0015AF68 /* MediaFeedViewModel.swift in Sources */,
				ECEC0B8223B651BC00D71F54 /* ServiceAssembly.swift in Sources */,
				EC0650CC23B68B2F00319F64 /* MediaContentViewModelType.swift in Sources */,
				ECCCD18323B594AF0047F1F6 /* MediaType.swift in Sources */,
				EC2DF64623B63876007DB07E /* EmptyHeaderView.swift in Sources */,
				EC2DF63323B5E759007DB07E /* Sequence+grouping.swift in Sources */,
				EC0650C423B67E4E00319F64 /* LoadingSectionController.swift in Sources */,
				ECEC0B8523B6532100D71F54 /* FactoryAssembly.swift in Sources */,
				EC2DF65223B63F8E007DB07E /* UIResponder+actions.swift in Sources */,
				EC2FBF2423B6CE580015AF68 /* Date+formatters.swift in Sources */,
				EC2FBF2823B6D5FB0015AF68 /* MediaCellViewModel.swift in Sources */,
				ECEC0B7323B6453D00D71F54 /* SectionedMediaSectionController.swift in Sources */,
				EC2FBF3223B6DA130015AF68 /* SkeletonCellViewModel.swift in Sources */,
				ECCCD1BF23B5B5100047F1F6 /* MediaFeedViewModelType.swift in Sources */,
				EC0650E623B6B6C200319F64 /* UIView+pintToEdges.swift in Sources */,
				EC2FBF2A23B6D6E20015AF68 /* MediaDetailCellViewModel.swift in Sources */,
				EC0650DD23B69B9800319F64 /* TextBasedCell.swift in Sources */,
				ECCCD17B23B588B40047F1F6 /* MovieModel.swift in Sources */,
				ECEC0B8023B6512800D71F54 /* UtilsAssembly.swift in Sources */,
				EC2DF63B23B5F5AB007DB07E /* FeedHeaderViewModel.swift in Sources */,
				ECCCD1D723B5C85F0047F1F6 /* LimitOffsetBasedAdapter.swift in Sources */,
				EC0650CA23B68B0900319F64 /* MediaContentViewModel.swift in Sources */,
				ECCCD17323B586090047F1F6 /* CoordinatorAssembly.swift in Sources */,
				ECCCD1B523B5ABF10047F1F6 /* PaginationStrategy.swift in Sources */,
				ECCCD1B923B5AE7C0047F1F6 /* PaginatedRequestModel.swift in Sources */,
				EC0650C223B6788B00319F64 /* ScrollView+LoadMore.swift in Sources */,
				EC2FBF3623B6DB7D0015AF68 /* EmptyStateViewModel.swift in Sources */,
				EC2DF63123B5E2BB007DB07E /* KindType.swift in Sources */,
				EC2DF64C23B638FC007DB07E /* FeedHeaderView.swift in Sources */,
				EC2DF64823B638D2007DB07E /* FeedHeaderReusableView.swift in Sources */,
				ECCCD18723B59F5E0047F1F6 /* FullMediaModel.swift in Sources */,
				ECCCD16F23B585570047F1F6 /* ViewModelAssembly.swift in Sources */,
				EC2DF63523B5EBAB007DB07E /* MediaSectionViewModel.swift in Sources */,
				EC2FBF2E23B6D8170015AF68 /* TextBasedCellViewModelType.swift in Sources */,
				EC2DF62F23B5DF81007DB07E /* SkeletonCellViewModelType.swift in Sources */,
				ECCCD1AB23B5A6D80047F1F6 /* Coordinator.swift in Sources */,
				ECCCD17523B587800047F1F6 /* TvShowModel.swift in Sources */,
				EC2DF64223B63817007DB07E /* FeedHeaderSectionController.swift in Sources */,
				ECFC55EF23B5CD1E00ECC0FD /* WebBasedMediaRepository.swift in Sources */,
				ECCCD11923B579BD0047F1F6 /* AppDelegate.swift in Sources */,
				ECCCD18E23B5A4880047F1F6 /* R.swift in Sources */,
				ECCCD1B223B5A7C10047F1F6 /* MediaFeedViewController.swift in Sources */,
				EC0650B523B66FE200319F64 /* EmptyStateViewModelType.swift in Sources */,
				ECCCD1C123B5B6D90047F1F6 /* ResponseModel.swift in Sources */,
				EC0650DF23B69D2100319F64 /* TextSize.swift in Sources */,
				ECCCD17723B587A40047F1F6 /* Media.swift in Sources */,
				EC2DF63923B5EDB5007DB07E /* LoadingCellViewModelType.swift in Sources */,
				ECCCD16B23B585070047F1F6 /* UseCaseAssembly.swift in Sources */,
				ECCCD1AD23B5A6F70047F1F6 /* ApplicationCoordinator.swift in Sources */,
				ECCCD1AF23B5A7920047F1F6 /* MediaFeedCoordinator.swift in Sources */,
				ECCCD18F23B5A4880047F1F6 /* L10n.swift in Sources */,
				ECCCD1D423B5C6B00047F1F6 /* SearchMediaUseCase.swift in Sources */,
				ECCCD18923B5A18F0047F1F6 /* SearchRequestModel.swift in Sources */,
				ECEC0B7523B6490000D71F54 /* MediaSectionController.swift in Sources */,
				ECFC55F123B5CEC300ECC0FD /* SearchMediaUseCaseType.swift in Sources */,
				ECEC0B7023B6429A00D71F54 /* SectionTitleHeaderView.swift in Sources */,
				EC0650CE23B68BEB00319F64 /* UICollectionView+default.swift in Sources */,
				EC0650C023B677A900319F64 /* LoadingCell.swift in Sources */,
				EC2FBF3023B6D82C0015AF68 /* TextBasedCellViewModel.swift in Sources */,
				ECCCD16923B584C50047F1F6 /* Injector.swift in Sources */,
				ECCCD1C323B5B7340047F1F6 /* Model.swift in Sources */,
				ECCCD18523B59C930047F1F6 /* MediaProvider.swift in Sources */,
				EC0650D723B6905500319F64 /* MediaDetailCellViewModelType.swift in Sources */,
				ECCCD14B23B57B8E0047F1F6 /* K.swift in Sources */,
				ECCCD17D23B589EC0047F1F6 /* PodcastModel.swift in Sources */,
				EC0650D923B6990B00319F64 /* ContentDetailSectionController.swift in Sources */,
				ECEC0B7D23B64D9000D71F54 /* MediaCellViewModelType.swift in Sources */,
				EC2FBF3423B6DA5A0015AF68 /* LoadingCellViewModel.swift in Sources */,
				EC2DF65023B63B6E007DB07E /* NSMutableAttributedString+helpers.swift in Sources */,
				EC0650B323B669F900319F64 /* UIViewController+keyboardHandling.swift in Sources */,
				ECEC0B6A23B6415F00D71F54 /* EmptyCell.swift in Sources */,
				ECCCD17F23B58A9B0047F1F6 /* EbookModel.swift in Sources */,
				ECFC55F323B5CFE400ECC0FD /* RestPaginationStrategy.swift in Sources */,
				EC0650BE23B6728200319F64 /* EmptyStateSectionController.swift in Sources */,
				ECCCD16D23B585190047F1F6 /* RepositoryAssembly.swift in Sources */,
				ECCCD17923B5885E0047F1F6 /* SongModel.swift in Sources */,
				ECCCD1BD23B5AF940047F1F6 /* ViewModelBindable.swift in Sources */,
				EC0650D423B68EE300319F64 /* MediaDetailCell.swift in Sources */,
				EC0650C723B68A8700319F64 /* MediaContentViewController.swift in Sources */,
				ECCCD17123B5856B0047F1F6 /* ViewControllerAssembly.swift in Sources */,
				EC2DF63D23B6353F007DB07E /* MediaFeedViewControllerDelegate.swift in Sources */,
				ECEC0B7923B64AE500D71F54 /* MediaCell.swift in Sources */,
				ECCCD1C823B5BE600047F1F6 /* FeedMediaFactory.swift in Sources */,
				EC2DF63F23B63780007DB07E /* ListSectionDataSource.swift in Sources */,
			);
			runOnlyForDeploymentPostprocessing = 0;
		};
		ECCCD12723B579BF0047F1F6 /* Sources */ = {
			isa = PBXSourcesBuildPhase;
			buildActionMask = 2147483647;
			files = (
				ECCCD13023B579BF0047F1F6 /* ItunesMediaTests.swift in Sources */,
			);
			runOnlyForDeploymentPostprocessing = 0;
		};
/* End PBXSourcesBuildPhase section */

/* Begin PBXTargetDependency section */
		ECCCD12D23B579BF0047F1F6 /* PBXTargetDependency */ = {
			isa = PBXTargetDependency;
			target = ECCCD11423B579BD0047F1F6 /* ItunesMedia */;
			targetProxy = ECCCD12C23B579BF0047F1F6 /* PBXContainerItemProxy */;
		};
/* End PBXTargetDependency section */

/* Begin PBXVariantGroup section */
		ECCCD12323B579BF0047F1F6 /* LaunchScreen.storyboard */ = {
			isa = PBXVariantGroup;
			children = (
				ECCCD12423B579BF0047F1F6 /* Base */,
				ECCCD15A23B57D470047F1F6 /* es */,
			);
			name = LaunchScreen.storyboard;
			sourceTree = "<group>";
		};
		ECCCD15D23B57D530047F1F6 /* Localizable.strings */ = {
			isa = PBXVariantGroup;
			children = (
				ECCCD15C23B57D530047F1F6 /* en */,
				ECCCD15E23B57D6A0047F1F6 /* es */,
			);
			name = Localizable.strings;
			sourceTree = "<group>";
		};
/* End PBXVariantGroup section */

/* Begin XCBuildConfiguration section */
		ECCCD13223B579BF0047F1F6 /* Debug */ = {
			isa = XCBuildConfiguration;
			buildSettings = {
				ALWAYS_SEARCH_USER_PATHS = NO;
				CLANG_ANALYZER_LOCALIZABILITY_NONLOCALIZED = YES;
				CLANG_ANALYZER_NONNULL = YES;
				CLANG_ANALYZER_NUMBER_OBJECT_CONVERSION = YES_AGGRESSIVE;
				CLANG_CXX_LANGUAGE_STANDARD = "gnu++14";
				CLANG_CXX_LIBRARY = "libc++";
				CLANG_ENABLE_MODULES = YES;
				CLANG_ENABLE_OBJC_ARC = YES;
				CLANG_ENABLE_OBJC_WEAK = YES;
				CLANG_WARN_BLOCK_CAPTURE_AUTORELEASING = YES;
				CLANG_WARN_BOOL_CONVERSION = YES;
				CLANG_WARN_COMMA = YES;
				CLANG_WARN_CONSTANT_CONVERSION = YES;
				CLANG_WARN_DEPRECATED_OBJC_IMPLEMENTATIONS = YES;
				CLANG_WARN_DIRECT_OBJC_ISA_USAGE = YES_ERROR;
				CLANG_WARN_DOCUMENTATION_COMMENTS = YES;
				CLANG_WARN_EMPTY_BODY = YES;
				CLANG_WARN_ENUM_CONVERSION = YES;
				CLANG_WARN_INFINITE_RECURSION = YES;
				CLANG_WARN_INT_CONVERSION = YES;
				CLANG_WARN_NON_LITERAL_NULL_CONVERSION = YES;
				CLANG_WARN_OBJC_IMPLICIT_RETAIN_SELF = YES;
				CLANG_WARN_OBJC_LITERAL_CONVERSION = YES;
				CLANG_WARN_OBJC_ROOT_CLASS = YES_ERROR;
				CLANG_WARN_RANGE_LOOP_ANALYSIS = YES;
				CLANG_WARN_STRICT_PROTOTYPES = YES;
				CLANG_WARN_SUSPICIOUS_MOVE = YES;
				CLANG_WARN_UNGUARDED_AVAILABILITY = YES_AGGRESSIVE;
				CLANG_WARN_UNREACHABLE_CODE = YES;
				CLANG_WARN__DUPLICATE_METHOD_MATCH = YES;
				COPY_PHASE_STRIP = NO;
				DEBUG_INFORMATION_FORMAT = dwarf;
				ENABLE_STRICT_OBJC_MSGSEND = YES;
				ENABLE_TESTABILITY = YES;
				GCC_C_LANGUAGE_STANDARD = gnu11;
				GCC_DYNAMIC_NO_PIC = NO;
				GCC_NO_COMMON_BLOCKS = YES;
				GCC_OPTIMIZATION_LEVEL = 0;
				GCC_PREPROCESSOR_DEFINITIONS = (
					"DEBUG=1",
					"$(inherited)",
				);
				GCC_WARN_64_TO_32_BIT_CONVERSION = YES;
				GCC_WARN_ABOUT_RETURN_TYPE = YES_ERROR;
				GCC_WARN_UNDECLARED_SELECTOR = YES;
				GCC_WARN_UNINITIALIZED_AUTOS = YES_AGGRESSIVE;
				GCC_WARN_UNUSED_FUNCTION = YES;
				GCC_WARN_UNUSED_VARIABLE = YES;
				IPHONEOS_DEPLOYMENT_TARGET = 13.2;
				MTL_ENABLE_DEBUG_INFO = INCLUDE_SOURCE;
				MTL_FAST_MATH = YES;
				ONLY_ACTIVE_ARCH = YES;
				SDKROOT = iphoneos;
				SWIFT_ACTIVE_COMPILATION_CONDITIONS = DEBUG;
				SWIFT_OPTIMIZATION_LEVEL = "-Onone";
			};
			name = Debug;
		};
		ECCCD13323B579BF0047F1F6 /* Release */ = {
			isa = XCBuildConfiguration;
			buildSettings = {
				ALWAYS_SEARCH_USER_PATHS = NO;
				CLANG_ANALYZER_LOCALIZABILITY_NONLOCALIZED = YES;
				CLANG_ANALYZER_NONNULL = YES;
				CLANG_ANALYZER_NUMBER_OBJECT_CONVERSION = YES_AGGRESSIVE;
				CLANG_CXX_LANGUAGE_STANDARD = "gnu++14";
				CLANG_CXX_LIBRARY = "libc++";
				CLANG_ENABLE_MODULES = YES;
				CLANG_ENABLE_OBJC_ARC = YES;
				CLANG_ENABLE_OBJC_WEAK = YES;
				CLANG_WARN_BLOCK_CAPTURE_AUTORELEASING = YES;
				CLANG_WARN_BOOL_CONVERSION = YES;
				CLANG_WARN_COMMA = YES;
				CLANG_WARN_CONSTANT_CONVERSION = YES;
				CLANG_WARN_DEPRECATED_OBJC_IMPLEMENTATIONS = YES;
				CLANG_WARN_DIRECT_OBJC_ISA_USAGE = YES_ERROR;
				CLANG_WARN_DOCUMENTATION_COMMENTS = YES;
				CLANG_WARN_EMPTY_BODY = YES;
				CLANG_WARN_ENUM_CONVERSION = YES;
				CLANG_WARN_INFINITE_RECURSION = YES;
				CLANG_WARN_INT_CONVERSION = YES;
				CLANG_WARN_NON_LITERAL_NULL_CONVERSION = YES;
				CLANG_WARN_OBJC_IMPLICIT_RETAIN_SELF = YES;
				CLANG_WARN_OBJC_LITERAL_CONVERSION = YES;
				CLANG_WARN_OBJC_ROOT_CLASS = YES_ERROR;
				CLANG_WARN_RANGE_LOOP_ANALYSIS = YES;
				CLANG_WARN_STRICT_PROTOTYPES = YES;
				CLANG_WARN_SUSPICIOUS_MOVE = YES;
				CLANG_WARN_UNGUARDED_AVAILABILITY = YES_AGGRESSIVE;
				CLANG_WARN_UNREACHABLE_CODE = YES;
				CLANG_WARN__DUPLICATE_METHOD_MATCH = YES;
				COPY_PHASE_STRIP = NO;
				DEBUG_INFORMATION_FORMAT = "dwarf-with-dsym";
				ENABLE_NS_ASSERTIONS = NO;
				ENABLE_STRICT_OBJC_MSGSEND = YES;
				GCC_C_LANGUAGE_STANDARD = gnu11;
				GCC_NO_COMMON_BLOCKS = YES;
				GCC_WARN_64_TO_32_BIT_CONVERSION = YES;
				GCC_WARN_ABOUT_RETURN_TYPE = YES_ERROR;
				GCC_WARN_UNDECLARED_SELECTOR = YES;
				GCC_WARN_UNINITIALIZED_AUTOS = YES_AGGRESSIVE;
				GCC_WARN_UNUSED_FUNCTION = YES;
				GCC_WARN_UNUSED_VARIABLE = YES;
				IPHONEOS_DEPLOYMENT_TARGET = 13.2;
				MTL_ENABLE_DEBUG_INFO = NO;
				MTL_FAST_MATH = YES;
				SDKROOT = iphoneos;
				SWIFT_COMPILATION_MODE = wholemodule;
				SWIFT_OPTIMIZATION_LEVEL = "-O";
				VALIDATE_PRODUCT = YES;
			};
			name = Release;
		};
		ECCCD13523B579BF0047F1F6 /* Debug */ = {
			isa = XCBuildConfiguration;
			buildSettings = {
				ASSETCATALOG_COMPILER_APPICON_NAME = AppIcon;
				CODE_SIGN_STYLE = Automatic;
				DEVELOPMENT_TEAM = 2YD35YRH8N;
				FRAMEWORK_SEARCH_PATHS = (
					"$(inherited)",
					"$(PROJECT_DIR)/Carthage/Build/iOS",
				);
				INFOPLIST_FILE = ItunesMedia/Info.plist;
				IPHONEOS_DEPLOYMENT_TARGET = 12.0;
				LD_RUNPATH_SEARCH_PATHS = (
					"$(inherited)",
					"@executable_path/Frameworks",
				);
				PRODUCT_BUNDLE_IDENTIFIER = com.ravn.itunesmedia.ios;
				PRODUCT_NAME = "Itunes Media";
				SWIFT_VERSION = 5.0;
				TARGETED_DEVICE_FAMILY = 1;
			};
			name = Debug;
		};
		ECCCD13623B579BF0047F1F6 /* Release */ = {
			isa = XCBuildConfiguration;
			buildSettings = {
				ASSETCATALOG_COMPILER_APPICON_NAME = AppIcon;
				CODE_SIGN_STYLE = Automatic;
				DEVELOPMENT_TEAM = 2YD35YRH8N;
				FRAMEWORK_SEARCH_PATHS = (
					"$(inherited)",
					"$(PROJECT_DIR)/Carthage/Build/iOS",
				);
				INFOPLIST_FILE = ItunesMedia/Info.plist;
				IPHONEOS_DEPLOYMENT_TARGET = 12.0;
				LD_RUNPATH_SEARCH_PATHS = (
					"$(inherited)",
					"@executable_path/Frameworks",
				);
				PRODUCT_BUNDLE_IDENTIFIER = com.ravn.itunesmedia.ios;
				PRODUCT_NAME = "Itunes Media";
				SWIFT_VERSION = 5.0;
				TARGETED_DEVICE_FAMILY = 1;
			};
			name = Release;
		};
		ECCCD13823B579BF0047F1F6 /* Debug */ = {
			isa = XCBuildConfiguration;
			buildSettings = {
				ALWAYS_EMBED_SWIFT_STANDARD_LIBRARIES = YES;
				BUNDLE_LOADER = "$(TEST_HOST)";
				CODE_SIGN_STYLE = Automatic;
				DEVELOPMENT_TEAM = 2YD35YRH8N;
				INFOPLIST_FILE = ItunesMediaTests/Info.plist;
				IPHONEOS_DEPLOYMENT_TARGET = 13.2;
				LD_RUNPATH_SEARCH_PATHS = (
					"$(inherited)",
					"@executable_path/Frameworks",
					"@loader_path/Frameworks",
				);
				PRODUCT_BUNDLE_IDENTIFIER = com.ravn.itunesmedia.ios.ItunesMediaTests;
				PRODUCT_NAME = "$(TARGET_NAME)";
				SWIFT_VERSION = 5.0;
				TARGETED_DEVICE_FAMILY = "1,2";
				TEST_HOST = "$(BUILT_PRODUCTS_DIR)/Itunes Media.app/Itunes Media";
			};
			name = Debug;
		};
		ECCCD13923B579BF0047F1F6 /* Release */ = {
			isa = XCBuildConfiguration;
			buildSettings = {
				ALWAYS_EMBED_SWIFT_STANDARD_LIBRARIES = YES;
				BUNDLE_LOADER = "$(TEST_HOST)";
				CODE_SIGN_STYLE = Automatic;
				DEVELOPMENT_TEAM = 2YD35YRH8N;
				INFOPLIST_FILE = ItunesMediaTests/Info.plist;
				IPHONEOS_DEPLOYMENT_TARGET = 13.2;
				LD_RUNPATH_SEARCH_PATHS = (
					"$(inherited)",
					"@executable_path/Frameworks",
					"@loader_path/Frameworks",
				);
				PRODUCT_BUNDLE_IDENTIFIER = com.ravn.itunesmedia.ios.ItunesMediaTests;
				PRODUCT_NAME = "$(TARGET_NAME)";
				SWIFT_VERSION = 5.0;
				TARGETED_DEVICE_FAMILY = "1,2";
				TEST_HOST = "$(BUILT_PRODUCTS_DIR)/Itunes Media.app/Itunes Media";
			};
			name = Release;
		};
/* End XCBuildConfiguration section */

/* Begin XCConfigurationList section */
		ECCCD11023B579BD0047F1F6 /* Build configuration list for PBXProject "ItunesMedia" */ = {
			isa = XCConfigurationList;
			buildConfigurations = (
				ECCCD13223B579BF0047F1F6 /* Debug */,
				ECCCD13323B579BF0047F1F6 /* Release */,
			);
			defaultConfigurationIsVisible = 0;
			defaultConfigurationName = Release;
		};
		ECCCD13423B579BF0047F1F6 /* Build configuration list for PBXNativeTarget "ItunesMedia" */ = {
			isa = XCConfigurationList;
			buildConfigurations = (
				ECCCD13523B579BF0047F1F6 /* Debug */,
				ECCCD13623B579BF0047F1F6 /* Release */,
			);
			defaultConfigurationIsVisible = 0;
			defaultConfigurationName = Release;
		};
		ECCCD13723B579BF0047F1F6 /* Build configuration list for PBXNativeTarget "ItunesMediaTests" */ = {
			isa = XCConfigurationList;
			buildConfigurations = (
				ECCCD13823B579BF0047F1F6 /* Debug */,
				ECCCD13923B579BF0047F1F6 /* Release */,
			);
			defaultConfigurationIsVisible = 0;
			defaultConfigurationName = Release;
		};
/* End XCConfigurationList section */
	};
	rootObject = ECCCD10D23B579BD0047F1F6 /* Project object */;
}
